// !$*UTF8*$!
{
	archiveVersion = 1;
	classes = {
	};
	objectVersion = 46;
	objects = {

/* Begin PBXBuildFile section */
		76FCF60D19C3950000B5D376 /* main.cpp in Sources */ = {isa = PBXBuildFile; fileRef = 76FCF60C19C3950000B5D376 /* main.cpp */; };
		76FCF61619C645AD00B5D376 /* Punct_stream.cpp in Sources */ = {isa = PBXBuildFile; fileRef = 76FCF61419C645AD00B5D376 /* Punct_stream.cpp */; };
/* End PBXBuildFile section */

/* Begin PBXCopyFilesBuildPhase section */
		76FCF60719C394FF00B5D376 /* CopyFiles */ = {
			isa = PBXCopyFilesBuildPhase;
			buildActionMask = 2147483647;
			dstPath = /usr/share/man/man1/;
			dstSubfolderSpec = 0;
			files = (
			);
			runOnlyForDeploymentPostprocessing = 1;
		};
/* End PBXCopyFilesBuildPhase section */

/* Begin PBXFileReference section */
		76FCF60919C394FF00B5D376 /* binary files */ = {isa = PBXFileReference; explicitFileType = "compiled.mach-o.executable"; includeInIndex = 0; path = "binary files"; sourceTree = BUILT_PRODUCTS_DIR; };
		76FCF60C19C3950000B5D376 /* main.cpp */ = {isa = PBXFileReference; lastKnownFileType = sourcecode.cpp.cpp; path = main.cpp; sourceTree = "<group>"; };
		76FCF61319C398B300B5D376 /* std_lib_facilities.h */ = {isa = PBXFileReference; lastKnownFileType = sourcecode.c.h; path = std_lib_facilities.h; sourceTree = "<group>"; };
		76FCF61419C645AD00B5D376 /* Punct_stream.cpp */ = {isa = PBXFileReference; fileEncoding = 4; lastKnownFileType = sourcecode.cpp.cpp; path = Punct_stream.cpp; sourceTree = SOURCE_ROOT; };
		76FCF61519C645AD00B5D376 /* Punct_stream.h */ = {isa = PBXFileReference; fileEncoding = 4; lastKnownFileType = sourcecode.c.h; path = Punct_stream.h; sourceTree = SOURCE_ROOT; };
/* End PBXFileReference section */

/* Begin PBXFrameworksBuildPhase section */
		76FCF60619C394FF00B5D376 /* Frameworks */ = {
			isa = PBXFrameworksBuildPhase;
			buildActionMask = 2147483647;
			files = (
			);
			runOnlyForDeploymentPostprocessing = 0;
		};
/* End PBXFrameworksBuildPhase section */

/* Begin PBXGroup section */
		76FCF60019C394FF00B5D376 = {
			isa = PBXGroup;
			children = (
				76FCF60B19C394FF00B5D376 /* binary files */,
				76FCF60A19C394FF00B5D376 /* Products */,
			);
			sourceTree = "<group>";
		};
		76FCF60A19C394FF00B5D376 /* Products */ = {
			isa = PBXGroup;
			children = (
				76FCF60919C394FF00B5D376 /* binary files */,
			);
			name = Products;
			sourceTree = "<group>";
		};
		76FCF60B19C394FF00B5D376 /* binary files */ = {
			isa = PBXGroup;
			children = (
				76FCF60C19C3950000B5D376 /* main.cpp */,
				76FCF61419C645AD00B5D376 /* Punct_stream.cpp */,
				76FCF61519C645AD00B5D376 /* Punct_stream.h */,
				76FCF61319C398B300B5D376 /* std_lib_facilities.h */,
			);
			path = "binary files";
			sourceTree = "<group>";
		};
/* End PBXGroup section */

/* Begin PBXNativeTarget section */
		76FCF60819C394FF00B5D376 /* binary files */ = {
			isa = PBXNativeTarget;
			buildConfigurationList = 76FCF61019C3950000B5D376 /* Build configuration list for PBXNativeTarget "binary files" */;
			buildPhases = (
				76FCF60519C394FF00B5D376 /* Sources */,
				76FCF60619C394FF00B5D376 /* Frameworks */,
				76FCF60719C394FF00B5D376 /* CopyFiles */,
			);
			buildRules = (
			);
			dependencies = (
			);
			name = "binary files";
			productName = "binary files";
			productReference = 76FCF60919C394FF00B5D376 /* binary files */;
			productType = "com.apple.product-type.tool";
		};
/* End PBXNativeTarget section */

/* Begin PBXProject section */
		76FCF60119C394FF00B5D376 /* Project object */ = {
			isa = PBXProject;
			attributes = {
				LastUpgradeCheck = 0600;
				ORGANIZATIONNAME = "Tsz Chun Lai";
				TargetAttributes = {
					76FCF60819C394FF00B5D376 = {
						CreatedOnToolsVersion = 6.0;
					};
				};
			};
			buildConfigurationList = 76FCF60419C394FF00B5D376 /* Build configuration list for PBXProject "binary files" */;
			compatibilityVersion = "Xcode 3.2";
			developmentRegion = English;
			hasScannedForEncodings = 0;
			knownRegions = (
				en,
			);
			mainGroup = 76FCF60019C394FF00B5D376;
			productRefGroup = 76FCF60A19C394FF00B5D376 /* Products */;
			projectDirPath = "";
			projectRoot = "";
			targets = (
				76FCF60819C394FF00B5D376 /* binary files */,
			);
		};
/* End PBXProject section */

/* Begin PBXSourcesBuildPhase section */
		76FCF60519C394FF00B5D376 /* Sources */ = {
			isa = PBXSourcesBuildPhase;
			buildActionMask = 2147483647;
			files = (
				76FCF61619C645AD00B5D376 /* Punct_stream.cpp in Sources */,
				76FCF60D19C3950000B5D376 /* main.cpp in Sources */,
			);
			runOnlyForDeploymentPostprocessing = 0;
		};
/* End PBXSourcesBuildPhase section */

/* Begin XCBuildConfiguration section */
		76FCF60E19C3950000B5D376 /* Debug */ = {
			isa = XCBuildConfiguration;
			buildSettings = {
				ALWAYS_SEARCH_USER_PATHS = NO;
				CLANG_CXX_LANGUAGE_STANDARD = "gnu++0x";
				CLANG_CXX_LIBRARY = "libc++";
				CLANG_ENABLE_MODULES = YES;
				CLANG_ENABLE_OBJC_ARC = YES;
				CLANG_WARN_BOOL_CONVERSION = YES;
				CLANG_WARN_CONSTANT_CONVERSION = YES;
				CLANG_WARN_DIRECT_OBJC_ISA_USAGE = YES_ERROR;
				CLANG_WARN_EMPTY_BODY = YES;
				CLANG_WARN_ENUM_CONVERSION = YES;
				CLANG_WARN_INT_CONVERSION = YES;
				CLANG_WARN_OBJC_ROOT_CLASS = YES_ERROR;
				CLANG_WARN_UNREACHABLE_CODE = YES;
				CLANG_WARN__DUPLICATE_METHOD_MATCH = YES;
				COPY_PHASE_STRIP = NO;
				ENABLE_STRICT_OBJC_MSGSEND = YES;
				GCC_C_LANGUAGE_STANDARD = gnu99;
				GCC_DYNAMIC_NO_PIC = NO;
				GCC_OPTIMIZATION_LEVEL = 0;
				GCC_PREPROCESSOR_DEFINITIONS = (
					"DEBUG=1",
					"$(inherited)",
				);
				GCC_SYMBOLS_PRIVATE_EXTERN = NO;
				GCC_WARN_64_TO_32_BIT_CONVERSION = YES;
				GCC_WARN_ABOUT_RETURN_TYPE = YES_ERROR;
				GCC_WARN_UNDECLARED_SELECTOR = YES;
				GCC_WARN_UNINITIALIZED_AUTOS = YES_AGGRESSIVE;
				GCC_WARN_UNUSED_FUNCTION = YES;
				GCC_WARN_UNUSED_VARIABLE = YES;
				MACOSX_DEPLOYMENT_TARGET = 10.10;
				MTL_ENABLE_DEBUG_INFO = YES;
				ONLY_ACTIVE_ARCH = YES;
				SDKROOT = macosx;
			};
			name = Debug;
		};
		76FCF60F19C3950000B5D376 /* Release */ = {
			isa = XCBuildConfiguration;
			buildSettings = {
				ALWAYS_SEARCH_USER_PATHS = NO;
				CLANG_CXX_LANGUAGE_STANDARD = "gnu++0x";
				CLANG_CXX_LIBRARY = "libc++";
				CLANG_ENABLE_MODULES = YES;
				CLANG_ENABLE_OBJC_ARC = YES;
				CLANG_WARN_BOOL_CONVERSION = YES;
				CLANG_WARN_CONSTANT_CONVERSION = YES;
				CLANG_WARN_DIRECT_OBJC_ISA_USAGE = YES_ERROR;
				CLANG_WARN_EMPTY_BODY = YES;
				CLANG_WARN_ENUM_CONVERSION = YES;
				CLANG_WARN_INT_CONVERSION = YES;
				CLANG_WARN_OBJC_ROOT_CLASS = YES_ERROR;
				CLANG_WARN_UNREACHABLE_CODE = YES;
				CLANG_WARN__DUPLICATE_METHOD_MATCH = YES;
				COPY_PHASE_STRIP = YES;
				DEBUG_INFORMATION_FORMAT = "dwarf-with-dsym";
				ENABLE_NS_ASSERTIONS = NO;
				ENABLE_STRICT_OBJC_MSGSEND = YES;
				GCC_C_LANGUAGE_STANDARD = gnu99;
				GCC_WARN_64_TO_32_BIT_CONVERSION = YES;
				GCC_WARN_ABOUT_RETURN_TYPE = YES_ERROR;
				GCC_WARN_UNDECLARED_SELECTOR = YES;
				GCC_WARN_UNINITIALIZED_AUTOS = YES_AGGRESSIVE;
				GCC_WARN_UNUSED_FUNCTION = YES;
				GCC_WARN_UNUSED_VARIABLE = YES;
				MACOSX_DEPLOYMENT_TARGET = 10.10;
				MTL_ENABLE_DEBUG_INFO = NO;
				SDKROOT = macosx;
			};
			name = Release;
		};
		76FCF61119C3950000B5D376 /* Debug */ = {
			isa = XCBuildConfiguration;
			buildSettings = {
				PRODUCT_NAME = "$(TARGET_NAME)";
			};
			name = Debug;
		};
		76FCF61219C3950000B5D376 /* Release */ = {
			isa = XCBuildConfiguration;
			buildSettings = {
				PRODUCT_NAME = "$(TARGET_NAME)";
			};
			name = Release;
		};
/* End XCBuildConfiguration section */

/* Begin XCConfigurationList section */
		76FCF60419C394FF00B5D376 /* Build configuration list for PBXProject "binary files" */ = {
			isa = XCConfigurationList;
			buildConfigurations = (
				76FCF60E19C3950000B5D376 /* Debug */,
				76FCF60F19C3950000B5D376 /* Release */,
			);
			defaultConfigurationIsVisible = 0;
			defaultConfigurationName = Release;
		};
		76FCF61019C3950000B5D376 /* Build configuration list for PBXNativeTarget "binary files" */ = {
			isa = XCConfigurationList;
			buildConfigurations = (
				76FCF61119C3950000B5D376 /* Debug */,
				76FCF61219C3950000B5D376 /* Release */,
			);
			defaultConfigurationIsVisible = 0;
		};
/* End XCConfigurationList section */
	};
	rootObject = 76FCF60119C394FF00B5D376 /* Project object */;
}
