// !$*UTF8*$!
{
	archiveVersion = 1;
	classes = {
	};
	objectVersion = 46;
	objects = {

/* Begin PBXBuildFile section */
		7923DBC91AC0BE7A0084FD75 /* main.m in Sources */ = {isa = PBXBuildFile; fileRef = 7923DBC81AC0BE7A0084FD75 /* main.m */; };
		7923DBD41AC0BE7B0084FD75 /* Images.xcassets in Resources */ = {isa = PBXBuildFile; fileRef = 7923DBD31AC0BE7B0084FD75 /* Images.xcassets */; };
		7923DBE31AC0BE7D0084FD75 /* TouchTrackerTests.m in Sources */ = {isa = PBXBuildFile; fileRef = 7923DBE21AC0BE7D0084FD75 /* TouchTrackerTests.m */; };
		7923DBF11AC0BF320084FD75 /* BNRAppDelegate.m in Sources */ = {isa = PBXBuildFile; fileRef = 7923DBED1AC0BF320084FD75 /* BNRAppDelegate.m */; };
		7923DBF21AC0BF320084FD75 /* ViewController.m in Sources */ = {isa = PBXBuildFile; fileRef = 7923DBEF1AC0BF320084FD75 /* ViewController.m */; };
		7923DBF31AC0BF320084FD75 /* ViewController.xib in Resources */ = {isa = PBXBuildFile; fileRef = 7923DBF01AC0BF320084FD75 /* ViewController.xib */; };
		7923DBF51AC0BF460084FD75 /* Info.plist in Resources */ = {isa = PBXBuildFile; fileRef = 7923DBF41AC0BF460084FD75 /* Info.plist */; };
		7923DBF91AC0C0170084FD75 /* BNRLine.m in Sources */ = {isa = PBXBuildFile; fileRef = 7923DBF81AC0C0170084FD75 /* BNRLine.m */; };
		7923DBFF1AC0C0B00084FD75 /* BNRDrawView.m in Sources */ = {isa = PBXBuildFile; fileRef = 7923DBFE1AC0C0B00084FD75 /* BNRDrawView.m */; };
		7923DC021AC0C0E30084FD75 /* BNRDrawViewController.m in Sources */ = {isa = PBXBuildFile; fileRef = 7923DC011AC0C0E30084FD75 /* BNRDrawViewController.m */; };
		797D65291AC5B74100183896 /* BNRColorPickerViewController.m in Sources */ = {isa = PBXBuildFile; fileRef = 797D65271AC5B74100183896 /* BNRColorPickerViewController.m */; };
		797D652A1AC5B74100183896 /* BNRColorPickerViewController.xib in Resources */ = {isa = PBXBuildFile; fileRef = 797D65281AC5B74100183896 /* BNRColorPickerViewController.xib */; };
		797D65331AC600A200183896 /* BNRCircle.m in Sources */ = {isa = PBXBuildFile; fileRef = 797D65321AC600A200183896 /* BNRCircle.m */; };
/* End PBXBuildFile section */

/* Begin PBXContainerItemProxy section */
		7923DBDD1AC0BE7C0084FD75 /* PBXContainerItemProxy */ = {
			isa = PBXContainerItemProxy;
			containerPortal = 7923DBBB1AC0BE7A0084FD75 /* Project object */;
			proxyType = 1;
			remoteGlobalIDString = 7923DBC21AC0BE7A0084FD75;
			remoteInfo = TouchTracker;
		};
/* End PBXContainerItemProxy section */

/* Begin PBXFileReference section */
		7923DBC31AC0BE7A0084FD75 /* TouchTracker.app */ = {isa = PBXFileReference; explicitFileType = wrapper.application; includeInIndex = 0; path = TouchTracker.app; sourceTree = BUILT_PRODUCTS_DIR; };
		7923DBC81AC0BE7A0084FD75 /* main.m */ = {isa = PBXFileReference; lastKnownFileType = sourcecode.c.objc; path = main.m; sourceTree = "<group>"; };
		7923DBD31AC0BE7B0084FD75 /* Images.xcassets */ = {isa = PBXFileReference; lastKnownFileType = folder.assetcatalog; path = Images.xcassets; sourceTree = "<group>"; };
		7923DBDC1AC0BE7C0084FD75 /* TouchTrackerTests.xctest */ = {isa = PBXFileReference; explicitFileType = wrapper.cfbundle; includeInIndex = 0; path = TouchTrackerTests.xctest; sourceTree = BUILT_PRODUCTS_DIR; };
		7923DBE11AC0BE7C0084FD75 /* Info.plist */ = {isa = PBXFileReference; lastKnownFileType = text.plist.xml; path = Info.plist; sourceTree = "<group>"; };
		7923DBE21AC0BE7D0084FD75 /* TouchTrackerTests.m */ = {isa = PBXFileReference; lastKnownFileType = sourcecode.c.objc; path = TouchTrackerTests.m; sourceTree = "<group>"; };
		7923DBEC1AC0BF320084FD75 /* BNRAppDelegate.h */ = {isa = PBXFileReference; fileEncoding = 4; lastKnownFileType = sourcecode.c.h; path = BNRAppDelegate.h; sourceTree = "<group>"; };
		7923DBED1AC0BF320084FD75 /* BNRAppDelegate.m */ = {isa = PBXFileReference; fileEncoding = 4; lastKnownFileType = sourcecode.c.objc; path = BNRAppDelegate.m; sourceTree = "<group>"; };
		7923DBEF1AC0BF320084FD75 /* ViewController.m */ = {isa = PBXFileReference; fileEncoding = 4; lastKnownFileType = sourcecode.c.objc; path = ViewController.m; sourceTree = "<group>"; };
		7923DBF01AC0BF320084FD75 /* ViewController.xib */ = {isa = PBXFileReference; fileEncoding = 4; lastKnownFileType = file.xib; path = ViewController.xib; sourceTree = "<group>"; };
		7923DBF41AC0BF460084FD75 /* Info.plist */ = {isa = PBXFileReference; fileEncoding = 4; lastKnownFileType = text.plist.xml; path = Info.plist; sourceTree = "<group>"; };
		7923DBF61AC0BF830084FD75 /* ViewController.h */ = {isa = PBXFileReference; lastKnownFileType = sourcecode.c.h; path = ViewController.h; sourceTree = "<group>"; };
		7923DBF71AC0C0170084FD75 /* BNRLine.h */ = {isa = PBXFileReference; fileEncoding = 4; lastKnownFileType = sourcecode.c.h; name = BNRLine.h; path = ../BNRLine.h; sourceTree = "<group>"; };
		7923DBF81AC0C0170084FD75 /* BNRLine.m */ = {isa = PBXFileReference; fileEncoding = 4; lastKnownFileType = sourcecode.c.objc; name = BNRLine.m; path = ../BNRLine.m; sourceTree = "<group>"; };
		7923DBFD1AC0C0B00084FD75 /* BNRDrawView.h */ = {isa = PBXFileReference; fileEncoding = 4; lastKnownFileType = sourcecode.c.h; path = BNRDrawView.h; sourceTree = "<group>"; };
		7923DBFE1AC0C0B00084FD75 /* BNRDrawView.m */ = {isa = PBXFileReference; fileEncoding = 4; lastKnownFileType = sourcecode.c.objc; path = BNRDrawView.m; sourceTree = "<group>"; };
		7923DC001AC0C0E30084FD75 /* BNRDrawViewController.h */ = {isa = PBXFileReference; fileEncoding = 4; lastKnownFileType = sourcecode.c.h; path = BNRDrawViewController.h; sourceTree = "<group>"; };
		7923DC011AC0C0E30084FD75 /* BNRDrawViewController.m */ = {isa = PBXFileReference; fileEncoding = 4; lastKnownFileType = sourcecode.c.objc; path = BNRDrawViewController.m; sourceTree = "<group>"; };
		797D65261AC5B74100183896 /* BNRColorPickerViewController.h */ = {isa = PBXFileReference; fileEncoding = 4; lastKnownFileType = sourcecode.c.h; path = BNRColorPickerViewController.h; sourceTree = "<group>"; };
		797D65271AC5B74100183896 /* BNRColorPickerViewController.m */ = {isa = PBXFileReference; fileEncoding = 4; lastKnownFileType = sourcecode.c.objc; path = BNRColorPickerViewController.m; sourceTree = "<group>"; };
		797D65281AC5B74100183896 /* BNRColorPickerViewController.xib */ = {isa = PBXFileReference; fileEncoding = 4; lastKnownFileType = file.xib; path = BNRColorPickerViewController.xib; sourceTree = "<group>"; };
		797D65311AC600A200183896 /* BNRCircle.h */ = {isa = PBXFileReference; fileEncoding = 4; lastKnownFileType = sourcecode.c.h; path = BNRCircle.h; sourceTree = "<group>"; };
		797D65321AC600A200183896 /* BNRCircle.m */ = {isa = PBXFileReference; fileEncoding = 4; lastKnownFileType = sourcecode.c.objc; path = BNRCircle.m; sourceTree = "<group>"; };
/* End PBXFileReference section */

/* Begin PBXFrameworksBuildPhase section */
		7923DBC01AC0BE7A0084FD75 /* Frameworks */ = {
			isa = PBXFrameworksBuildPhase;
			buildActionMask = 2147483647;
			files = (
			);
			runOnlyForDeploymentPostprocessing = 0;
		};
		7923DBD91AC0BE7C0084FD75 /* Frameworks */ = {
			isa = PBXFrameworksBuildPhase;
			buildActionMask = 2147483647;
			files = (
			);
			runOnlyForDeploymentPostprocessing = 0;
		};
/* End PBXFrameworksBuildPhase section */

/* Begin PBXGroup section */
		7923DBBA1AC0BE790084FD75 = {
			isa = PBXGroup;
			children = (
				7923DBC51AC0BE7A0084FD75 /* TouchTracker */,
				7923DBDF1AC0BE7C0084FD75 /* TouchTrackerTests */,
				7923DBC41AC0BE7A0084FD75 /* Products */,
			);
			sourceTree = "<group>";
		};
		7923DBC41AC0BE7A0084FD75 /* Products */ = {
			isa = PBXGroup;
			children = (
				7923DBC31AC0BE7A0084FD75 /* TouchTracker.app */,
				7923DBDC1AC0BE7C0084FD75 /* TouchTrackerTests.xctest */,
			);
			name = Products;
			sourceTree = "<group>";
		};
		7923DBC51AC0BE7A0084FD75 /* TouchTracker */ = {
			isa = PBXGroup;
			children = (
				7923DC031AC0C0F10084FD75 /* BNRDrawView */,
				797D65251AC5B70800183896 /* BNRColorPickerView */,
				7923DBEC1AC0BF320084FD75 /* BNRAppDelegate.h */,
				7923DBED1AC0BF320084FD75 /* BNRAppDelegate.m */,
				7923DBF61AC0BF830084FD75 /* ViewController.h */,
				7923DBEF1AC0BF320084FD75 /* ViewController.m */,
				7923DBF01AC0BF320084FD75 /* ViewController.xib */,
				7923DBD31AC0BE7B0084FD75 /* Images.xcassets */,
				7923DBC61AC0BE7A0084FD75 /* Supporting Files */,
			);
			path = TouchTracker;
			sourceTree = "<group>";
		};
		7923DBC61AC0BE7A0084FD75 /* Supporting Files */ = {
			isa = PBXGroup;
			children = (
				7923DBF41AC0BF460084FD75 /* Info.plist */,
				7923DBC81AC0BE7A0084FD75 /* main.m */,
			);
			name = "Supporting Files";
			sourceTree = "<group>";
		};
		7923DBDF1AC0BE7C0084FD75 /* TouchTrackerTests */ = {
			isa = PBXGroup;
			children = (
				7923DBE21AC0BE7D0084FD75 /* TouchTrackerTests.m */,
				7923DBE01AC0BE7C0084FD75 /* Supporting Files */,
			);
			path = TouchTrackerTests;
			sourceTree = "<group>";
		};
		7923DBE01AC0BE7C0084FD75 /* Supporting Files */ = {
			isa = PBXGroup;
			children = (
				7923DBE11AC0BE7C0084FD75 /* Info.plist */,
			);
			name = "Supporting Files";
			sourceTree = "<group>";
		};
		7923DC031AC0C0F10084FD75 /* BNRDrawView */ = {
			isa = PBXGroup;
			children = (
				7923DBF71AC0C0170084FD75 /* BNRLine.h */,
				7923DBF81AC0C0170084FD75 /* BNRLine.m */,
				797D65311AC600A200183896 /* BNRCircle.h */,
				797D65321AC600A200183896 /* BNRCircle.m */,
				7923DBFD1AC0C0B00084FD75 /* BNRDrawView.h */,
				7923DBFE1AC0C0B00084FD75 /* BNRDrawView.m */,
				7923DC001AC0C0E30084FD75 /* BNRDrawViewController.h */,
				7923DC011AC0C0E30084FD75 /* BNRDrawViewController.m */,
			);
			name = BNRDrawView;
			sourceTree = "<group>";
		};
		797D65251AC5B70800183896 /* BNRColorPickerView */ = {
			isa = PBXGroup;
			children = (
				797D65261AC5B74100183896 /* BNRColorPickerViewController.h */,
				797D65271AC5B74100183896 /* BNRColorPickerViewController.m */,
				797D65281AC5B74100183896 /* BNRColorPickerViewController.xib */,
			);
			name = BNRColorPickerView;
			sourceTree = "<group>";
		};
/* End PBXGroup section */

/* Begin PBXNativeTarget section */
		7923DBC21AC0BE7A0084FD75 /* TouchTracker */ = {
			isa = PBXNativeTarget;
			buildConfigurationList = 7923DBE61AC0BE7D0084FD75 /* Build configuration list for PBXNativeTarget "TouchTracker" */;
			buildPhases = (
				7923DBBF1AC0BE7A0084FD75 /* Sources */,
				7923DBC01AC0BE7A0084FD75 /* Frameworks */,
				7923DBC11AC0BE7A0084FD75 /* Resources */,
			);
			buildRules = (
			);
			dependencies = (
			);
			name = TouchTracker;
			productName = TouchTracker;
			productReference = 7923DBC31AC0BE7A0084FD75 /* TouchTracker.app */;
			productType = "com.apple.product-type.application";
		};
		7923DBDB1AC0BE7C0084FD75 /* TouchTrackerTests */ = {
			isa = PBXNativeTarget;
			buildConfigurationList = 7923DBE91AC0BE7D0084FD75 /* Build configuration list for PBXNativeTarget "TouchTrackerTests" */;
			buildPhases = (
				7923DBD81AC0BE7C0084FD75 /* Sources */,
				7923DBD91AC0BE7C0084FD75 /* Frameworks */,
				7923DBDA1AC0BE7C0084FD75 /* Resources */,
			);
			buildRules = (
			);
			dependencies = (
				7923DBDE1AC0BE7C0084FD75 /* PBXTargetDependency */,
			);
			name = TouchTrackerTests;
			productName = TouchTrackerTests;
			productReference = 7923DBDC1AC0BE7C0084FD75 /* TouchTrackerTests.xctest */;
			productType = "com.apple.product-type.bundle.unit-test";
		};
/* End PBXNativeTarget section */

/* Begin PBXProject section */
		7923DBBB1AC0BE7A0084FD75 /* Project object */ = {
			isa = PBXProject;
			attributes = {
				LastUpgradeCheck = 0620;
				ORGANIZATIONNAME = "Tsz Chun Lai";
				TargetAttributes = {
					7923DBC21AC0BE7A0084FD75 = {
						CreatedOnToolsVersion = 6.2;
					};
					7923DBDB1AC0BE7C0084FD75 = {
						CreatedOnToolsVersion = 6.2;
						TestTargetID = 7923DBC21AC0BE7A0084FD75;
					};
				};
			};
			buildConfigurationList = 7923DBBE1AC0BE7A0084FD75 /* Build configuration list for PBXProject "TouchTracker" */;
			compatibilityVersion = "Xcode 3.2";
			developmentRegion = English;
			hasScannedForEncodings = 0;
			knownRegions = (
				en,
				Base,
			);
			mainGroup = 7923DBBA1AC0BE790084FD75;
			productRefGroup = 7923DBC41AC0BE7A0084FD75 /* Products */;
			projectDirPath = "";
			projectRoot = "";
			targets = (
				7923DBC21AC0BE7A0084FD75 /* TouchTracker */,
				7923DBDB1AC0BE7C0084FD75 /* TouchTrackerTests */,
			);
		};
/* End PBXProject section */

/* Begin PBXResourcesBuildPhase section */
		7923DBC11AC0BE7A0084FD75 /* Resources */ = {
			isa = PBXResourcesBuildPhase;
			buildActionMask = 2147483647;
			files = (
				7923DBF31AC0BF320084FD75 /* ViewController.xib in Resources */,
				7923DBD41AC0BE7B0084FD75 /* Images.xcassets in Resources */,
				797D652A1AC5B74100183896 /* BNRColorPickerViewController.xib in Resources */,
				7923DBF51AC0BF460084FD75 /* Info.plist in Resources */,
			);
			runOnlyForDeploymentPostprocessing = 0;
		};
		7923DBDA1AC0BE7C0084FD75 /* Resources */ = {
			isa = PBXResourcesBuildPhase;
			buildActionMask = 2147483647;
			files = (
			);
			runOnlyForDeploymentPostprocessing = 0;
		};
/* End PBXResourcesBuildPhase section */

/* Begin PBXSourcesBuildPhase section */
		7923DBBF1AC0BE7A0084FD75 /* Sources */ = {
			isa = PBXSourcesBuildPhase;
			buildActionMask = 2147483647;
			files = (
				7923DBFF1AC0C0B00084FD75 /* BNRDrawView.m in Sources */,
				7923DC021AC0C0E30084FD75 /* BNRDrawViewController.m in Sources */,
				797D65331AC600A200183896 /* BNRCircle.m in Sources */,
				7923DBF21AC0BF320084FD75 /* ViewController.m in Sources */,
				7923DBF11AC0BF320084FD75 /* BNRAppDelegate.m in Sources */,
				7923DBF91AC0C0170084FD75 /* BNRLine.m in Sources */,
				7923DBC91AC0BE7A0084FD75 /* main.m in Sources */,
				797D65291AC5B74100183896 /* BNRColorPickerViewController.m in Sources */,
			);
			runOnlyForDeploymentPostprocessing = 0;
		};
		7923DBD81AC0BE7C0084FD75 /* Sources */ = {
			isa = PBXSourcesBuildPhase;
			buildActionMask = 2147483647;
			files = (
				7923DBE31AC0BE7D0084FD75 /* TouchTrackerTests.m in Sources */,
			);
			runOnlyForDeploymentPostprocessing = 0;
		};
/* End PBXSourcesBuildPhase section */

/* Begin PBXTargetDependency section */
		7923DBDE1AC0BE7C0084FD75 /* PBXTargetDependency */ = {
			isa = PBXTargetDependency;
			target = 7923DBC21AC0BE7A0084FD75 /* TouchTracker */;
			targetProxy = 7923DBDD1AC0BE7C0084FD75 /* PBXContainerItemProxy */;
		};
/* End PBXTargetDependency section */

/* Begin XCBuildConfiguration section */
		7923DBE41AC0BE7D0084FD75 /* Debug */ = {
			isa = XCBuildConfiguration;
			buildSettings = {
				ALWAYS_SEARCH_USER_PATHS = NO;
				CLANG_CXX_LANGUAGE_STANDARD = "gnu++0x";
				CLANG_CXX_LIBRARY = "libc++";
				CLANG_ENABLE_MODULES = YES;
				CLANG_ENABLE_OBJC_ARC = YES;
				CLANG_WARN_BOOL_CONVERSION = YES;
				CLANG_WARN_CONSTANT_CONVERSION = YES;
				CLANG_WARN_DIRECT_OBJC_ISA_USAGE = YES_ERROR;
				CLANG_WARN_EMPTY_BODY = YES;
				CLANG_WARN_ENUM_CONVERSION = YES;
				CLANG_WARN_INT_CONVERSION = YES;
				CLANG_WARN_OBJC_ROOT_CLASS = YES_ERROR;
				CLANG_WARN_UNREACHABLE_CODE = YES;
				CLANG_WARN__DUPLICATE_METHOD_MATCH = YES;
				"CODE_SIGN_IDENTITY[sdk=iphoneos*]" = "iPhone Developer";
				COPY_PHASE_STRIP = NO;
				ENABLE_STRICT_OBJC_MSGSEND = YES;
				GCC_C_LANGUAGE_STANDARD = gnu99;
				GCC_DYNAMIC_NO_PIC = NO;
				GCC_OPTIMIZATION_LEVEL = 0;
				GCC_PREPROCESSOR_DEFINITIONS = (
					"DEBUG=1",
					"$(inherited)",
					VIEW_DEBUG,
				);
				GCC_SYMBOLS_PRIVATE_EXTERN = NO;
				GCC_WARN_64_TO_32_BIT_CONVERSION = YES;
				GCC_WARN_ABOUT_RETURN_TYPE = YES_ERROR;
				GCC_WARN_UNDECLARED_SELECTOR = YES;
				GCC_WARN_UNINITIALIZED_AUTOS = YES_AGGRESSIVE;
				GCC_WARN_UNUSED_FUNCTION = YES;
				GCC_WARN_UNUSED_VARIABLE = YES;
				IPHONEOS_DEPLOYMENT_TARGET = 8.2;
				MTL_ENABLE_DEBUG_INFO = YES;
				ONLY_ACTIVE_ARCH = YES;
				SDKROOT = iphoneos;
			};
			name = Debug;
		};
		7923DBE51AC0BE7D0084FD75 /* Release */ = {
			isa = XCBuildConfiguration;
			buildSettings = {
				ALWAYS_SEARCH_USER_PATHS = NO;
				CLANG_CXX_LANGUAGE_STANDARD = "gnu++0x";
				CLANG_CXX_LIBRARY = "libc++";
				CLANG_ENABLE_MODULES = YES;
				CLANG_ENABLE_OBJC_ARC = YES;
				CLANG_WARN_BOOL_CONVERSION = YES;
				CLANG_WARN_CONSTANT_CONVERSION = YES;
				CLANG_WARN_DIRECT_OBJC_ISA_USAGE = YES_ERROR;
				CLANG_WARN_EMPTY_BODY = YES;
				CLANG_WARN_ENUM_CONVERSION = YES;
				CLANG_WARN_INT_CONVERSION = YES;
				CLANG_WARN_OBJC_ROOT_CLASS = YES_ERROR;
				CLANG_WARN_UNREACHABLE_CODE = YES;
				CLANG_WARN__DUPLICATE_METHOD_MATCH = YES;
				"CODE_SIGN_IDENTITY[sdk=iphoneos*]" = "iPhone Developer";
				COPY_PHASE_STRIP = NO;
				ENABLE_NS_ASSERTIONS = NO;
				ENABLE_STRICT_OBJC_MSGSEND = YES;
				GCC_C_LANGUAGE_STANDARD = gnu99;
				GCC_WARN_64_TO_32_BIT_CONVERSION = YES;
				GCC_WARN_ABOUT_RETURN_TYPE = YES_ERROR;
				GCC_WARN_UNDECLARED_SELECTOR = YES;
				GCC_WARN_UNINITIALIZED_AUTOS = YES_AGGRESSIVE;
				GCC_WARN_UNUSED_FUNCTION = YES;
				GCC_WARN_UNUSED_VARIABLE = YES;
				IPHONEOS_DEPLOYMENT_TARGET = 8.2;
				MTL_ENABLE_DEBUG_INFO = NO;
				SDKROOT = iphoneos;
				VALIDATE_PRODUCT = YES;
			};
			name = Release;
		};
		7923DBE71AC0BE7D0084FD75 /* Debug */ = {
			isa = XCBuildConfiguration;
			buildSettings = {
				ASSETCATALOG_COMPILER_APPICON_NAME = AppIcon;
				INFOPLIST_FILE = TouchTracker/Info.plist;
				LD_RUNPATH_SEARCH_PATHS = "$(inherited) @executable_path/Frameworks";
				PRODUCT_NAME = "$(TARGET_NAME)";
				RUN_CLANG_STATIC_ANALYZER = YES;
				TARGETED_DEVICE_FAMILY = 1;
			};
			name = Debug;
		};
		7923DBE81AC0BE7D0084FD75 /* Release */ = {
			isa = XCBuildConfiguration;
			buildSettings = {
				ASSETCATALOG_COMPILER_APPICON_NAME = AppIcon;
				INFOPLIST_FILE = TouchTracker/Info.plist;
				LD_RUNPATH_SEARCH_PATHS = "$(inherited) @executable_path/Frameworks";
				PRODUCT_NAME = "$(TARGET_NAME)";
				TARGETED_DEVICE_FAMILY = 1;
			};
			name = Release;
		};
		7923DBEA1AC0BE7D0084FD75 /* Debug */ = {
			isa = XCBuildConfiguration;
			buildSettings = {
				BUNDLE_LOADER = "$(TEST_HOST)";
				FRAMEWORK_SEARCH_PATHS = (
					"$(SDKROOT)/Developer/Library/Frameworks",
					"$(inherited)",
				);
				GCC_PREPROCESSOR_DEFINITIONS = (
					"DEBUG=1",
					"$(inherited)",
				);
				INFOPLIST_FILE = TouchTrackerTests/Info.plist;
				LD_RUNPATH_SEARCH_PATHS = "$(inherited) @executable_path/Frameworks @loader_path/Frameworks";
				PRODUCT_NAME = "$(TARGET_NAME)";
				TEST_HOST = "$(BUILT_PRODUCTS_DIR)/TouchTracker.app/TouchTracker";
			};
			name = Debug;
		};
		7923DBEB1AC0BE7D0084FD75 /* Release */ = {
			isa = XCBuildConfiguration;
			buildSettings = {
				BUNDLE_LOADER = "$(TEST_HOST)";
				FRAMEWORK_SEARCH_PATHS = (
					"$(SDKROOT)/Developer/Library/Frameworks",
					"$(inherited)",
				);
				INFOPLIST_FILE = TouchTrackerTests/Info.plist;
				LD_RUNPATH_SEARCH_PATHS = "$(inherited) @executable_path/Frameworks @loader_path/Frameworks";
				PRODUCT_NAME = "$(TARGET_NAME)";
				TEST_HOST = "$(BUILT_PRODUCTS_DIR)/TouchTracker.app/TouchTracker";
			};
			name = Release;
		};
/* End XCBuildConfiguration section */

/* Begin XCConfigurationList section */
		7923DBBE1AC0BE7A0084FD75 /* Build configuration list for PBXProject "TouchTracker" */ = {
			isa = XCConfigurationList;
			buildConfigurations = (
				7923DBE41AC0BE7D0084FD75 /* Debug */,
				7923DBE51AC0BE7D0084FD75 /* Release */,
			);
			defaultConfigurationIsVisible = 0;
			defaultConfigurationName = Release;
		};
		7923DBE61AC0BE7D0084FD75 /* Build configuration list for PBXNativeTarget "TouchTracker" */ = {
			isa = XCConfigurationList;
			buildConfigurations = (
				7923DBE71AC0BE7D0084FD75 /* Debug */,
				7923DBE81AC0BE7D0084FD75 /* Release */,
			);
			defaultConfigurationIsVisible = 0;
			defaultConfigurationName = Release;
		};
		7923DBE91AC0BE7D0084FD75 /* Build configuration list for PBXNativeTarget "TouchTrackerTests" */ = {
			isa = XCConfigurationList;
			buildConfigurations = (
				7923DBEA1AC0BE7D0084FD75 /* Debug */,
				7923DBEB1AC0BE7D0084FD75 /* Release */,
			);
			defaultConfigurationIsVisible = 0;
			defaultConfigurationName = Release;
		};
/* End XCConfigurationList section */
	};
	rootObject = 7923DBBB1AC0BE7A0084FD75 /* Project object */;
}
