// !$*UTF8*$!
{
	archiveVersion = 1;
	classes = {
	};
	objectVersion = 46;
	objects = {

/* Begin PBXBuildFile section */
		79FCCDCC19B4CF9300AC4A9A /* main.c in Sources */ = {isa = PBXBuildFile; fileRef = 79FCCDCB19B4CF9300AC4A9A /* main.c */; };
/* End PBXBuildFile section */

/* Begin PBXCopyFilesBuildPhase section */
		79FCCDC619B4CF9300AC4A9A /* CopyFiles */ = {
			isa = PBXCopyFilesBuildPhase;
			buildActionMask = 2147483647;
			dstPath = /usr/share/man/man1/;
			dstSubfolderSpec = 0;
			files = (
			);
			runOnlyForDeploymentPostprocessing = 1;
		};
/* End PBXCopyFilesBuildPhase section */

/* Begin PBXFileReference section */
		79FCCDC819B4CF9300AC4A9A /* Squarer */ = {isa = PBXFileReference; explicitFileType = "compiled.mach-o.executable"; includeInIndex = 0; path = Squarer; sourceTree = BUILT_PRODUCTS_DIR; };
		79FCCDCB19B4CF9300AC4A9A /* main.c */ = {isa = PBXFileReference; lastKnownFileType = sourcecode.c.c; path = main.c; sourceTree = "<group>"; };
/* End PBXFileReference section */

/* Begin PBXFrameworksBuildPhase section */
		79FCCDC519B4CF9300AC4A9A /* Frameworks */ = {
			isa = PBXFrameworksBuildPhase;
			buildActionMask = 2147483647;
			files = (
			);
			runOnlyForDeploymentPostprocessing = 0;
		};
/* End PBXFrameworksBuildPhase section */

/* Begin PBXGroup section */
		79FCCDBF19B4CF9300AC4A9A = {
			isa = PBXGroup;
			children = (
				79FCCDCA19B4CF9300AC4A9A /* Squarer */,
				79FCCDC919B4CF9300AC4A9A /* Products */,
			);
			sourceTree = "<group>";
		};
		79FCCDC919B4CF9300AC4A9A /* Products */ = {
			isa = PBXGroup;
			children = (
				79FCCDC819B4CF9300AC4A9A /* Squarer */,
			);
			name = Products;
			sourceTree = "<group>";
		};
		79FCCDCA19B4CF9300AC4A9A /* Squarer */ = {
			isa = PBXGroup;
			children = (
				79FCCDCB19B4CF9300AC4A9A /* main.c */,
			);
			path = Squarer;
			sourceTree = "<group>";
		};
/* End PBXGroup section */

/* Begin PBXNativeTarget section */
		79FCCDC719B4CF9300AC4A9A /* Squarer */ = {
			isa = PBXNativeTarget;
			buildConfigurationList = 79FCCDCF19B4CF9300AC4A9A /* Build configuration list for PBXNativeTarget "Squarer" */;
			buildPhases = (
				79FCCDC419B4CF9300AC4A9A /* Sources */,
				79FCCDC519B4CF9300AC4A9A /* Frameworks */,
				79FCCDC619B4CF9300AC4A9A /* CopyFiles */,
			);
			buildRules = (
			);
			dependencies = (
			);
			name = Squarer;
			productName = Squarer;
			productReference = 79FCCDC819B4CF9300AC4A9A /* Squarer */;
			productType = "com.apple.product-type.tool";
		};
/* End PBXNativeTarget section */

/* Begin PBXProject section */
		79FCCDC019B4CF9300AC4A9A /* Project object */ = {
			isa = PBXProject;
			attributes = {
				LastUpgradeCheck = 0600;
				ORGANIZATIONNAME = "Tsz Chun Lai";
				TargetAttributes = {
					79FCCDC719B4CF9300AC4A9A = {
						CreatedOnToolsVersion = 6.0;
					};
				};
			};
			buildConfigurationList = 79FCCDC319B4CF9300AC4A9A /* Build configuration list for PBXProject "Squarer" */;
			compatibilityVersion = "Xcode 3.2";
			developmentRegion = English;
			hasScannedForEncodings = 0;
			knownRegions = (
				en,
			);
			mainGroup = 79FCCDBF19B4CF9300AC4A9A;
			productRefGroup = 79FCCDC919B4CF9300AC4A9A /* Products */;
			projectDirPath = "";
			projectRoot = "";
			targets = (
				79FCCDC719B4CF9300AC4A9A /* Squarer */,
			);
		};
/* End PBXProject section */

/* Begin PBXSourcesBuildPhase section */
		79FCCDC419B4CF9300AC4A9A /* Sources */ = {
			isa = PBXSourcesBuildPhase;
			buildActionMask = 2147483647;
			files = (
				79FCCDCC19B4CF9300AC4A9A /* main.c in Sources */,
			);
			runOnlyForDeploymentPostprocessing = 0;
		};
/* End PBXSourcesBuildPhase section */

/* Begin XCBuildConfiguration section */
		79FCCDCD19B4CF9300AC4A9A /* Debug */ = {
			isa = XCBuildConfiguration;
			buildSettings = {
				ALWAYS_SEARCH_USER_PATHS = NO;
				CLANG_CXX_LANGUAGE_STANDARD = "gnu++0x";
				CLANG_CXX_LIBRARY = "libc++";
				CLANG_ENABLE_MODULES = YES;
				CLANG_ENABLE_OBJC_ARC = YES;
				CLANG_WARN_BOOL_CONVERSION = YES;
				CLANG_WARN_CONSTANT_CONVERSION = YES;
				CLANG_WARN_DIRECT_OBJC_ISA_USAGE = YES_ERROR;
				CLANG_WARN_EMPTY_BODY = YES;
				CLANG_WARN_ENUM_CONVERSION = YES;
				CLANG_WARN_INT_CONVERSION = YES;
				CLANG_WARN_OBJC_ROOT_CLASS = YES_ERROR;
				CLANG_WARN_UNREACHABLE_CODE = YES;
				CLANG_WARN__DUPLICATE_METHOD_MATCH = YES;
				COPY_PHASE_STRIP = NO;
				ENABLE_STRICT_OBJC_MSGSEND = YES;
				GCC_C_LANGUAGE_STANDARD = gnu99;
				GCC_DYNAMIC_NO_PIC = NO;
				GCC_OPTIMIZATION_LEVEL = 0;
				GCC_PREPROCESSOR_DEFINITIONS = (
					"DEBUG=1",
					"$(inherited)",
				);
				GCC_SYMBOLS_PRIVATE_EXTERN = NO;
				GCC_WARN_64_TO_32_BIT_CONVERSION = YES;
				GCC_WARN_ABOUT_RETURN_TYPE = YES_ERROR;
				GCC_WARN_UNDECLARED_SELECTOR = YES;
				GCC_WARN_UNINITIALIZED_AUTOS = YES_AGGRESSIVE;
				GCC_WARN_UNUSED_FUNCTION = YES;
				GCC_WARN_UNUSED_VARIABLE = YES;
				MACOSX_DEPLOYMENT_TARGET = 10.9;
				MTL_ENABLE_DEBUG_INFO = YES;
				ONLY_ACTIVE_ARCH = YES;
				SDKROOT = macosx;
			};
			name = Debug;
		};
		79FCCDCE19B4CF9300AC4A9A /* Release */ = {
			isa = XCBuildConfiguration;
			buildSettings = {
				ALWAYS_SEARCH_USER_PATHS = NO;
				CLANG_CXX_LANGUAGE_STANDARD = "gnu++0x";
				CLANG_CXX_LIBRARY = "libc++";
				CLANG_ENABLE_MODULES = YES;
				CLANG_ENABLE_OBJC_ARC = YES;
				CLANG_WARN_BOOL_CONVERSION = YES;
				CLANG_WARN_CONSTANT_CONVERSION = YES;
				CLANG_WARN_DIRECT_OBJC_ISA_USAGE = YES_ERROR;
				CLANG_WARN_EMPTY_BODY = YES;
				CLANG_WARN_ENUM_CONVERSION = YES;
				CLANG_WARN_INT_CONVERSION = YES;
				CLANG_WARN_OBJC_ROOT_CLASS = YES_ERROR;
				CLANG_WARN_UNREACHABLE_CODE = YES;
				CLANG_WARN__DUPLICATE_METHOD_MATCH = YES;
				COPY_PHASE_STRIP = YES;
				DEBUG_INFORMATION_FORMAT = "dwarf-with-dsym";
				ENABLE_NS_ASSERTIONS = NO;
				ENABLE_STRICT_OBJC_MSGSEND = YES;
				GCC_C_LANGUAGE_STANDARD = gnu99;
				GCC_WARN_64_TO_32_BIT_CONVERSION = YES;
				GCC_WARN_ABOUT_RETURN_TYPE = YES_ERROR;
				GCC_WARN_UNDECLARED_SELECTOR = YES;
				GCC_WARN_UNINITIALIZED_AUTOS = YES_AGGRESSIVE;
				GCC_WARN_UNUSED_FUNCTION = YES;
				GCC_WARN_UNUSED_VARIABLE = YES;
				MACOSX_DEPLOYMENT_TARGET = 10.9;
				MTL_ENABLE_DEBUG_INFO = NO;
				SDKROOT = macosx;
			};
			name = Release;
		};
		79FCCDD019B4CF9300AC4A9A /* Debug */ = {
			isa = XCBuildConfiguration;
			buildSettings = {
				PRODUCT_NAME = "$(TARGET_NAME)";
			};
			name = Debug;
		};
		79FCCDD119B4CF9300AC4A9A /* Release */ = {
			isa = XCBuildConfiguration;
			buildSettings = {
				PRODUCT_NAME = "$(TARGET_NAME)";
			};
			name = Release;
		};
/* End XCBuildConfiguration section */

/* Begin XCConfigurationList section */
		79FCCDC319B4CF9300AC4A9A /* Build configuration list for PBXProject "Squarer" */ = {
			isa = XCConfigurationList;
			buildConfigurations = (
				79FCCDCD19B4CF9300AC4A9A /* Debug */,
				79FCCDCE19B4CF9300AC4A9A /* Release */,
			);
			defaultConfigurationIsVisible = 0;
			defaultConfigurationName = Release;
		};
		79FCCDCF19B4CF9300AC4A9A /* Build configuration list for PBXNativeTarget "Squarer" */ = {
			isa = XCConfigurationList;
			buildConfigurations = (
				79FCCDD019B4CF9300AC4A9A /* Debug */,
				79FCCDD119B4CF9300AC4A9A /* Release */,
			);
			defaultConfigurationIsVisible = 0;
		};
/* End XCConfigurationList section */
	};
	rootObject = 79FCCDC019B4CF9300AC4A9A /* Project object */;
}
