// !$*UTF8*$!
{
	archiveVersion = 1;
	classes = {
	};
	objectVersion = 56;
	objects = {

/* Begin PBXBuildFile section */
		0719D42D2B058E8D00B1A4E3 /* CategoriesView.swift in Sources */ = {isa = PBXBuildFile; fileRef = 0719D4272B058E2D00B1A4E3 /* CategoriesView.swift */; };
		0719D42F2B058E8D00B1A4E3 /* CategoryForm.swift in Sources */ = {isa = PBXBuildFile; fileRef = 0719D4282B058E2D00B1A4E3 /* CategoryForm.swift */; };
		0719D4332B0590B500B1A4E3 /* RecipeForm.swift in Sources */ = {isa = PBXBuildFile; fileRef = 0719D4312B0590B500B1A4E3 /* RecipeForm.swift */; };
		0719D4342B0590B500B1A4E3 /* RecipesView.swift in Sources */ = {isa = PBXBuildFile; fileRef = 0719D4322B0590B500B1A4E3 /* RecipesView.swift */; };
		078C796A2B015772009744FD /* IngredientsView.swift in Sources */ = {isa = PBXBuildFile; fileRef = 078C79692B015772009744FD /* IngredientsView.swift */; };
		07A2073C2AFAF5100048B7EA /* App.swift in Sources */ = {isa = PBXBuildFile; fileRef = 07A2073B2AFAF5100048B7EA /* App.swift */; };
		07A2073E2AFAF5100048B7EA /* Main.swift in Sources */ = {isa = PBXBuildFile; fileRef = 07A2073D2AFAF5100048B7EA /* Main.swift */; };
		07A207402AFAF5100048B7EA /* Models.swift in Sources */ = {isa = PBXBuildFile; fileRef = 07A2073F2AFAF5100048B7EA /* Models.swift */; };
		07A207422AFAF5100048B7EA /* Assets.xcassets in Resources */ = {isa = PBXBuildFile; fileRef = 07A207412AFAF5100048B7EA /* Assets.xcassets */; };
		07A207452AFAF5100048B7EA /* Preview Assets.xcassets in Resources */ = {isa = PBXBuildFile; fileRef = 07A207442AFAF5100048B7EA /* Preview Assets.xcassets */; };
		07AD351C2B0EC75400A0FDF5 /* Storage.swift in Sources */ = {isa = PBXBuildFile; fileRef = 07AD351B2B0EC75400A0FDF5 /* Storage.swift */; };
		07C52B802B0A90F000DCBB13 /* CategorySection.swift in Sources */ = {isa = PBXBuildFile; fileRef = 07C52B7F2B0A90F000DCBB13 /* CategorySection.swift */; };
		07CF2F332B0A1D4C003B83AD /* Utils.swift in Sources */ = {isa = PBXBuildFile; fileRef = 07CF2F322B0A1D4C003B83AD /* Utils.swift */; };
		07CF2F372B0A39FE003B83AD /* RecipeCell.swift in Sources */ = {isa = PBXBuildFile; fileRef = 07CF2F362B0A39FE003B83AD /* RecipeCell.swift */; };
		07F6DE3F2B04321F004AD929 /* IngredientForm.swift in Sources */ = {isa = PBXBuildFile; fileRef = 07F6DE3E2B04321F004AD929 /* IngredientForm.swift */; };
		E2E3E6F42DEA780600F95AA5 /* SwiftBitesContainer.swift in Sources */ = {isa = PBXBuildFile; fileRef = E2E3E6F32DEA780200F95AA5 /* SwiftBitesContainer.swift */; };
		E2E3E6F62DEA787900F95AA5 /* RecipesSchemaV1.swift in Sources */ = {isa = PBXBuildFile; fileRef = E2E3E6F52DEA787300F95AA5 /* RecipesSchemaV1.swift */; };
/* End PBXBuildFile section */

/* Begin PBXFileReference section */
		0719D4272B058E2D00B1A4E3 /* CategoriesView.swift */ = {isa = PBXFileReference; lastKnownFileType = sourcecode.swift; path = CategoriesView.swift; sourceTree = "<group>"; };
		0719D4282B058E2D00B1A4E3 /* CategoryForm.swift */ = {isa = PBXFileReference; lastKnownFileType = sourcecode.swift; path = CategoryForm.swift; sourceTree = "<group>"; };
		0719D4312B0590B500B1A4E3 /* RecipeForm.swift */ = {isa = PBXFileReference; lastKnownFileType = sourcecode.swift; path = RecipeForm.swift; sourceTree = "<group>"; };
		0719D4322B0590B500B1A4E3 /* RecipesView.swift */ = {isa = PBXFileReference; lastKnownFileType = sourcecode.swift; path = RecipesView.swift; sourceTree = "<group>"; };
		078C79692B015772009744FD /* IngredientsView.swift */ = {isa = PBXFileReference; lastKnownFileType = sourcecode.swift; path = IngredientsView.swift; sourceTree = "<group>"; };
		07A207382AFAF5100048B7EA /* SwiftBites.app */ = {isa = PBXFileReference; explicitFileType = wrapper.application; includeInIndex = 0; path = SwiftBites.app; sourceTree = BUILT_PRODUCTS_DIR; };
		07A2073B2AFAF5100048B7EA /* App.swift */ = {isa = PBXFileReference; lastKnownFileType = sourcecode.swift; path = App.swift; sourceTree = "<group>"; };
		07A2073D2AFAF5100048B7EA /* Main.swift */ = {isa = PBXFileReference; lastKnownFileType = sourcecode.swift; path = Main.swift; sourceTree = "<group>"; };
		07A2073F2AFAF5100048B7EA /* Models.swift */ = {isa = PBXFileReference; lastKnownFileType = sourcecode.swift; path = Models.swift; sourceTree = "<group>"; };
		07A207412AFAF5100048B7EA /* Assets.xcassets */ = {isa = PBXFileReference; lastKnownFileType = folder.assetcatalog; path = Assets.xcassets; sourceTree = "<group>"; };
		07A207442AFAF5100048B7EA /* Preview Assets.xcassets */ = {isa = PBXFileReference; lastKnownFileType = folder.assetcatalog; path = "Preview Assets.xcassets"; sourceTree = "<group>"; };
		07AD351B2B0EC75400A0FDF5 /* Storage.swift */ = {isa = PBXFileReference; lastKnownFileType = sourcecode.swift; path = Storage.swift; sourceTree = "<group>"; };
		07C52B7F2B0A90F000DCBB13 /* CategorySection.swift */ = {isa = PBXFileReference; lastKnownFileType = sourcecode.swift; path = CategorySection.swift; sourceTree = "<group>"; };
		07CF2F322B0A1D4C003B83AD /* Utils.swift */ = {isa = PBXFileReference; lastKnownFileType = sourcecode.swift; path = Utils.swift; sourceTree = "<group>"; };
		07CF2F362B0A39FE003B83AD /* RecipeCell.swift */ = {isa = PBXFileReference; lastKnownFileType = sourcecode.swift; path = RecipeCell.swift; sourceTree = "<group>"; };
		07F6DE3E2B04321F004AD929 /* IngredientForm.swift */ = {isa = PBXFileReference; lastKnownFileType = sourcecode.swift; path = IngredientForm.swift; sourceTree = "<group>"; };
		E2E3E6F32DEA780200F95AA5 /* SwiftBitesContainer.swift */ = {isa = PBXFileReference; lastKnownFileType = sourcecode.swift; path = SwiftBitesContainer.swift; sourceTree = "<group>"; };
		E2E3E6F52DEA787300F95AA5 /* RecipesSchemaV1.swift */ = {isa = PBXFileReference; lastKnownFileType = sourcecode.swift; path = RecipesSchemaV1.swift; sourceTree = "<group>"; };
/* End PBXFileReference section */

/* Begin PBXFrameworksBuildPhase section */
		07A207352AFAF5100048B7EA /* Frameworks */ = {
			isa = PBXFrameworksBuildPhase;
			buildActionMask = 2147483647;
			files = (
			);
			runOnlyForDeploymentPostprocessing = 0;
		};
/* End PBXFrameworksBuildPhase section */

/* Begin PBXGroup section */
		0719D4252B058E1800B1A4E3 /* Categories */ = {
			isa = PBXGroup;
			children = (
				07C52B7F2B0A90F000DCBB13 /* CategorySection.swift */,
				0719D4282B058E2D00B1A4E3 /* CategoryForm.swift */,
				0719D4272B058E2D00B1A4E3 /* CategoriesView.swift */,
			);
			path = Categories;
			sourceTree = "<group>";
		};
		07A2072F2AFAF5100048B7EA = {
			isa = PBXGroup;
			children = (
				07A2073A2AFAF5100048B7EA /* SwiftBites */,
				07A207392AFAF5100048B7EA /* Products */,
			);
			sourceTree = "<group>";
		};
		07A207392AFAF5100048B7EA /* Products */ = {
			isa = PBXGroup;
			children = (
				07A207382AFAF5100048B7EA /* SwiftBites.app */,
			);
			name = Products;
			sourceTree = "<group>";
		};
		07A2073A2AFAF5100048B7EA /* SwiftBites */ = {
			isa = PBXGroup;
			children = (
				07A2073B2AFAF5100048B7EA /* App.swift */,
				E2E3E6F52DEA787300F95AA5 /* RecipesSchemaV1.swift */,
				E2E3E6F32DEA780200F95AA5 /* SwiftBitesContainer.swift */,
				07A2073D2AFAF5100048B7EA /* Main.swift */,
				07A2073F2AFAF5100048B7EA /* Models.swift */,
				07AD351B2B0EC75400A0FDF5 /* Storage.swift */,
				0719D4252B058E1800B1A4E3 /* Categories */,
				07B772002AFC1D2E007BF4B0 /* Ingredients */,
				07B771FF2AFC1D22007BF4B0 /* Recipes */,
				07CF2F322B0A1D4C003B83AD /* Utils.swift */,
				07A207412AFAF5100048B7EA /* Assets.xcassets */,
				07A207432AFAF5100048B7EA /* Preview Content */,
			);
			path = SwiftBites;
			sourceTree = "<group>";
		};
		07A207432AFAF5100048B7EA /* Preview Content */ = {
			isa = PBXGroup;
			children = (
				07A207442AFAF5100048B7EA /* Preview Assets.xcassets */,
			);
			path = "Preview Content";
			sourceTree = "<group>";
		};
		07B771FF2AFC1D22007BF4B0 /* Recipes */ = {
			isa = PBXGroup;
			children = (
				07CF2F362B0A39FE003B83AD /* RecipeCell.swift */,
				0719D4312B0590B500B1A4E3 /* RecipeForm.swift */,
				0719D4322B0590B500B1A4E3 /* RecipesView.swift */,
			);
			path = Recipes;
			sourceTree = "<group>";
		};
		07B772002AFC1D2E007BF4B0 /* Ingredients */ = {
			isa = PBXGroup;
			children = (
				07F6DE3E2B04321F004AD929 /* IngredientForm.swift */,
				078C79692B015772009744FD /* IngredientsView.swift */,
			);
			path = Ingredients;
			sourceTree = "<group>";
		};
/* End PBXGroup section */

/* Begin PBXNativeTarget section */
		07A207372AFAF5100048B7EA /* SwiftBites */ = {
			isa = PBXNativeTarget;
			buildConfigurationList = 07A207482AFAF5100048B7EA /* Build configuration list for PBXNativeTarget "SwiftBites" */;
			buildPhases = (
				07A207342AFAF5100048B7EA /* Sources */,
				07A207352AFAF5100048B7EA /* Frameworks */,
				07A207362AFAF5100048B7EA /* Resources */,
			);
			buildRules = (
			);
			dependencies = (
			);
			name = SwiftBites;
			productName = SwiftBites;
			productReference = 07A207382AFAF5100048B7EA /* SwiftBites.app */;
			productType = "com.apple.product-type.application";
		};
/* End PBXNativeTarget section */

/* Begin PBXProject section */
		07A207302AFAF5100048B7EA /* Project object */ = {
			isa = PBXProject;
			attributes = {
				BuildIndependentTargetsInParallel = 1;
				LastSwiftUpdateCheck = 1500;
				LastUpgradeCheck = 1500;
				TargetAttributes = {
					07A207372AFAF5100048B7EA = {
						CreatedOnToolsVersion = 15.0.1;
					};
				};
			};
			buildConfigurationList = 07A207332AFAF5100048B7EA /* Build configuration list for PBXProject "SwiftBites" */;
			compatibilityVersion = "Xcode 14.0";
			developmentRegion = en;
			hasScannedForEncodings = 0;
			knownRegions = (
				en,
				Base,
			);
			mainGroup = 07A2072F2AFAF5100048B7EA;
			productRefGroup = 07A207392AFAF5100048B7EA /* Products */;
			projectDirPath = "";
			projectRoot = "";
			targets = (
				07A207372AFAF5100048B7EA /* SwiftBites */,
			);
		};
/* End PBXProject section */

/* Begin PBXResourcesBuildPhase section */
		07A207362AFAF5100048B7EA /* Resources */ = {
			isa = PBXResourcesBuildPhase;
			buildActionMask = 2147483647;
			files = (
				07A207452AFAF5100048B7EA /* Preview Assets.xcassets in Resources */,
				07A207422AFAF5100048B7EA /* Assets.xcassets in Resources */,
			);
			runOnlyForDeploymentPostprocessing = 0;
		};
/* End PBXResourcesBuildPhase section */

/* Begin PBXSourcesBuildPhase section */
		07A207342AFAF5100048B7EA /* Sources */ = {
			isa = PBXSourcesBuildPhase;
			buildActionMask = 2147483647;
			files = (
				0719D42F2B058E8D00B1A4E3 /* CategoryForm.swift in Sources */,
				E2E3E6F62DEA787900F95AA5 /* RecipesSchemaV1.swift in Sources */,
				07A2073E2AFAF5100048B7EA /* Main.swift in Sources */,
				07CF2F372B0A39FE003B83AD /* RecipeCell.swift in Sources */,
				E2E3E6F42DEA780600F95AA5 /* SwiftBitesContainer.swift in Sources */,
				07A207402AFAF5100048B7EA /* Models.swift in Sources */,
				0719D4342B0590B500B1A4E3 /* RecipesView.swift in Sources */,
				07CF2F332B0A1D4C003B83AD /* Utils.swift in Sources */,
				07F6DE3F2B04321F004AD929 /* IngredientForm.swift in Sources */,
				0719D42D2B058E8D00B1A4E3 /* CategoriesView.swift in Sources */,
				0719D4332B0590B500B1A4E3 /* RecipeForm.swift in Sources */,
				07C52B802B0A90F000DCBB13 /* CategorySection.swift in Sources */,
				07AD351C2B0EC75400A0FDF5 /* Storage.swift in Sources */,
				07A2073C2AFAF5100048B7EA /* App.swift in Sources */,
				078C796A2B015772009744FD /* IngredientsView.swift in Sources */,
			);
			runOnlyForDeploymentPostprocessing = 0;
		};
/* End PBXSourcesBuildPhase section */

/* Begin XCBuildConfiguration section */
		07A207462AFAF5100048B7EA /* Debug */ = {
			isa = XCBuildConfiguration;
			buildSettings = {
				ALWAYS_SEARCH_USER_PATHS = NO;
				ASSETCATALOG_COMPILER_GENERATE_SWIFT_ASSET_SYMBOL_EXTENSIONS = YES;
				CLANG_ANALYZER_NONNULL = YES;
				CLANG_ANALYZER_NUMBER_OBJECT_CONVERSION = YES_AGGRESSIVE;
				CLANG_CXX_LANGUAGE_STANDARD = "gnu++20";
				CLANG_ENABLE_MODULES = YES;
				CLANG_ENABLE_OBJC_ARC = YES;
				CLANG_ENABLE_OBJC_WEAK = YES;
				CLANG_WARN_BLOCK_CAPTURE_AUTORELEASING = YES;
				CLANG_WARN_BOOL_CONVERSION = YES;
				CLANG_WARN_COMMA = YES;
				CLANG_WARN_CONSTANT_CONVERSION = YES;
				CLANG_WARN_DEPRECATED_OBJC_IMPLEMENTATIONS = YES;
				CLANG_WARN_DIRECT_OBJC_ISA_USAGE = YES_ERROR;
				CLANG_WARN_DOCUMENTATION_COMMENTS = YES;
				CLANG_WARN_EMPTY_BODY = YES;
				CLANG_WARN_ENUM_CONVERSION = YES;
				CLANG_WARN_INFINITE_RECURSION = YES;
				CLANG_WARN_INT_CONVERSION = YES;
				CLANG_WARN_NON_LITERAL_NULL_CONVERSION = YES;
				CLANG_WARN_OBJC_IMPLICIT_RETAIN_SELF = YES;
				CLANG_WARN_OBJC_LITERAL_CONVERSION = YES;
				CLANG_WARN_OBJC_ROOT_CLASS = YES_ERROR;
				CLANG_WARN_QUOTED_INCLUDE_IN_FRAMEWORK_HEADER = YES;
				CLANG_WARN_RANGE_LOOP_ANALYSIS = YES;
				CLANG_WARN_STRICT_PROTOTYPES = YES;
				CLANG_WARN_SUSPICIOUS_MOVE = YES;
				CLANG_WARN_UNGUARDED_AVAILABILITY = YES_AGGRESSIVE;
				CLANG_WARN_UNREACHABLE_CODE = YES;
				CLANG_WARN__DUPLICATE_METHOD_MATCH = YES;
				COPY_PHASE_STRIP = NO;
				DEBUG_INFORMATION_FORMAT = dwarf;
				ENABLE_STRICT_OBJC_MSGSEND = YES;
				ENABLE_TESTABILITY = YES;
				ENABLE_USER_SCRIPT_SANDBOXING = YES;
				GCC_C_LANGUAGE_STANDARD = gnu17;
				GCC_DYNAMIC_NO_PIC = NO;
				GCC_NO_COMMON_BLOCKS = YES;
				GCC_OPTIMIZATION_LEVEL = 0;
				GCC_PREPROCESSOR_DEFINITIONS = (
					"DEBUG=1",
					"$(inherited)",
				);
				GCC_WARN_64_TO_32_BIT_CONVERSION = YES;
				GCC_WARN_ABOUT_RETURN_TYPE = YES_ERROR;
				GCC_WARN_UNDECLARED_SELECTOR = YES;
				GCC_WARN_UNINITIALIZED_AUTOS = YES_AGGRESSIVE;
				GCC_WARN_UNUSED_FUNCTION = YES;
				GCC_WARN_UNUSED_VARIABLE = YES;
				IPHONEOS_DEPLOYMENT_TARGET = 17.0;
				LOCALIZATION_PREFERS_STRING_CATALOGS = YES;
				MTL_ENABLE_DEBUG_INFO = INCLUDE_SOURCE;
				MTL_FAST_MATH = YES;
				ONLY_ACTIVE_ARCH = YES;
				SDKROOT = iphoneos;
				SWIFT_ACTIVE_COMPILATION_CONDITIONS = "DEBUG $(inherited)";
				SWIFT_OPTIMIZATION_LEVEL = "-Onone";
			};
			name = Debug;
		};
		07A207472AFAF5100048B7EA /* Release */ = {
			isa = XCBuildConfiguration;
			buildSettings = {
				ALWAYS_SEARCH_USER_PATHS = NO;
				ASSETCATALOG_COMPILER_GENERATE_SWIFT_ASSET_SYMBOL_EXTENSIONS = YES;
				CLANG_ANALYZER_NONNULL = YES;
				CLANG_ANALYZER_NUMBER_OBJECT_CONVERSION = YES_AGGRESSIVE;
				CLANG_CXX_LANGUAGE_STANDARD = "gnu++20";
				CLANG_ENABLE_MODULES = YES;
				CLANG_ENABLE_OBJC_ARC = YES;
				CLANG_ENABLE_OBJC_WEAK = YES;
				CLANG_WARN_BLOCK_CAPTURE_AUTORELEASING = YES;
				CLANG_WARN_BOOL_CONVERSION = YES;
				CLANG_WARN_COMMA = YES;
				CLANG_WARN_CONSTANT_CONVERSION = YES;
				CLANG_WARN_DEPRECATED_OBJC_IMPLEMENTATIONS = YES;
				CLANG_WARN_DIRECT_OBJC_ISA_USAGE = YES_ERROR;
				CLANG_WARN_DOCUMENTATION_COMMENTS = YES;
				CLANG_WARN_EMPTY_BODY = YES;
				CLANG_WARN_ENUM_CONVERSION = YES;
				CLANG_WARN_INFINITE_RECURSION = YES;
				CLANG_WARN_INT_CONVERSION = YES;
				CLANG_WARN_NON_LITERAL_NULL_CONVERSION = YES;
				CLANG_WARN_OBJC_IMPLICIT_RETAIN_SELF = YES;
				CLANG_WARN_OBJC_LITERAL_CONVERSION = YES;
				CLANG_WARN_OBJC_ROOT_CLASS = YES_ERROR;
				CLANG_WARN_QUOTED_INCLUDE_IN_FRAMEWORK_HEADER = YES;
				CLANG_WARN_RANGE_LOOP_ANALYSIS = YES;
				CLANG_WARN_STRICT_PROTOTYPES = YES;
				CLANG_WARN_SUSPICIOUS_MOVE = YES;
				CLANG_WARN_UNGUARDED_AVAILABILITY = YES_AGGRESSIVE;
				CLANG_WARN_UNREACHABLE_CODE = YES;
				CLANG_WARN__DUPLICATE_METHOD_MATCH = YES;
				COPY_PHASE_STRIP = NO;
				DEBUG_INFORMATION_FORMAT = "dwarf-with-dsym";
				ENABLE_NS_ASSERTIONS = NO;
				ENABLE_STRICT_OBJC_MSGSEND = YES;
				ENABLE_USER_SCRIPT_SANDBOXING = YES;
				GCC_C_LANGUAGE_STANDARD = gnu17;
				GCC_NO_COMMON_BLOCKS = YES;
				GCC_WARN_64_TO_32_BIT_CONVERSION = YES;
				GCC_WARN_ABOUT_RETURN_TYPE = YES_ERROR;
				GCC_WARN_UNDECLARED_SELECTOR = YES;
				GCC_WARN_UNINITIALIZED_AUTOS = YES_AGGRESSIVE;
				GCC_WARN_UNUSED_FUNCTION = YES;
				GCC_WARN_UNUSED_VARIABLE = YES;
				IPHONEOS_DEPLOYMENT_TARGET = 17.0;
				LOCALIZATION_PREFERS_STRING_CATALOGS = YES;
				MTL_ENABLE_DEBUG_INFO = NO;
				MTL_FAST_MATH = YES;
				SDKROOT = iphoneos;
				SWIFT_COMPILATION_MODE = wholemodule;
				VALIDATE_PRODUCT = YES;
			};
			name = Release;
		};
		07A207492AFAF5100048B7EA /* Debug */ = {
			isa = XCBuildConfiguration;
			buildSettings = {
				ASSETCATALOG_COMPILER_APPICON_NAME = AppIcon;
				ASSETCATALOG_COMPILER_GLOBAL_ACCENT_COLOR_NAME = AccentColor;
				CODE_SIGN_STYLE = Automatic;
				CURRENT_PROJECT_VERSION = 1;
				DEVELOPMENT_ASSET_PATHS = "\"SwiftBites/Preview Content\"";
				DEVELOPMENT_TEAM = MTAQ5K5D6P;
				ENABLE_PREVIEWS = YES;
				GENERATE_INFOPLIST_FILE = YES;
				INFOPLIST_KEY_UIApplicationSceneManifest_Generation = YES;
				INFOPLIST_KEY_UIApplicationSupportsIndirectInputEvents = YES;
				INFOPLIST_KEY_UILaunchScreen_Generation = YES;
				INFOPLIST_KEY_UISupportedInterfaceOrientations_iPad = "UIInterfaceOrientationPortrait UIInterfaceOrientationPortraitUpsideDown UIInterfaceOrientationLandscapeLeft UIInterfaceOrientationLandscapeRight";
				INFOPLIST_KEY_UISupportedInterfaceOrientations_iPhone = "UIInterfaceOrientationPortrait UIInterfaceOrientationLandscapeLeft UIInterfaceOrientationLandscapeRight";
				LD_RUNPATH_SEARCH_PATHS = (
					"$(inherited)",
					"@executable_path/Frameworks",
				);
				MARKETING_VERSION = 1.0;
				PRODUCT_BUNDLE_IDENTIFIER = io.learnto.SwiftBites;
				PRODUCT_NAME = "$(TARGET_NAME)";
				SWIFT_EMIT_LOC_STRINGS = YES;
				SWIFT_VERSION = 5.0;
				TARGETED_DEVICE_FAMILY = "1,2";
			};
			name = Debug;
		};
		07A2074A2AFAF5100048B7EA /* Release */ = {
			isa = XCBuildConfiguration;
			buildSettings = {
				ASSETCATALOG_COMPILER_APPICON_NAME = AppIcon;
				ASSETCATALOG_COMPILER_GLOBAL_ACCENT_COLOR_NAME = AccentColor;
				CODE_SIGN_STYLE = Automatic;
				CURRENT_PROJECT_VERSION = 1;
				DEVELOPMENT_ASSET_PATHS = "\"SwiftBites/Preview Content\"";
				DEVELOPMENT_TEAM = MTAQ5K5D6P;
				ENABLE_PREVIEWS = YES;
				GENERATE_INFOPLIST_FILE = YES;
				INFOPLIST_KEY_UIApplicationSceneManifest_Generation = YES;
				INFOPLIST_KEY_UIApplicationSupportsIndirectInputEvents = YES;
				INFOPLIST_KEY_UILaunchScreen_Generation = YES;
				INFOPLIST_KEY_UISupportedInterfaceOrientations_iPad = "UIInterfaceOrientationPortrait UIInterfaceOrientationPortraitUpsideDown UIInterfaceOrientationLandscapeLeft UIInterfaceOrientationLandscapeRight";
				INFOPLIST_KEY_UISupportedInterfaceOrientations_iPhone = "UIInterfaceOrientationPortrait UIInterfaceOrientationLandscapeLeft UIInterfaceOrientationLandscapeRight";
				LD_RUNPATH_SEARCH_PATHS = (
					"$(inherited)",
					"@executable_path/Frameworks",
				);
				MARKETING_VERSION = 1.0;
				PRODUCT_BUNDLE_IDENTIFIER = io.learnto.SwiftBites;
				PRODUCT_NAME = "$(TARGET_NAME)";
				SWIFT_EMIT_LOC_STRINGS = YES;
				SWIFT_VERSION = 5.0;
				TARGETED_DEVICE_FAMILY = "1,2";
			};
			name = Release;
		};
/* End XCBuildConfiguration section */

/* Begin XCConfigurationList section */
		07A207332AFAF5100048B7EA /* Build configuration list for PBXProject "SwiftBites" */ = {
			isa = XCConfigurationList;
			buildConfigurations = (
				07A207462AFAF5100048B7EA /* Debug */,
				07A207472AFAF5100048B7EA /* Release */,
			);
			defaultConfigurationIsVisible = 0;
			defaultConfigurationName = Release;
		};
		07A207482AFAF5100048B7EA /* Build configuration list for PBXNativeTarget "SwiftBites" */ = {
			isa = XCConfigurationList;
			buildConfigurations = (
				07A207492AFAF5100048B7EA /* Debug */,
				07A2074A2AFAF5100048B7EA /* Release */,
			);
			defaultConfigurationIsVisible = 0;
			defaultConfigurationName = Release;
		};
/* End XCConfigurationList section */
	};
	rootObject = 07A207302AFAF5100048B7EA /* Project object */;
}
