// !$*UTF8*$!
{
	archiveVersion = 1;
	classes = {
	};
	objectVersion = 46;
	objects = {

/* Begin PBXBuildFile section */
		7635D16B19D60EEA002756F2 /* main.cpp in Sources */ = {isa = PBXBuildFile; fileRef = 7635D16A19D60EEA002756F2 /* main.cpp */; };
		7635D17319D60F03002756F2 /* Container.cpp in Sources */ = {isa = PBXBuildFile; fileRef = 7635D17119D60F03002756F2 /* Container.cpp */; };
		7635D17619D6101F002756F2 /* VectorContainer.cpp in Sources */ = {isa = PBXBuildFile; fileRef = 7635D17419D6101F002756F2 /* VectorContainer.cpp */; };
		79548C8419D64A8E000D86A5 /* Polygon.cpp in Sources */ = {isa = PBXBuildFile; fileRef = 79548C8219D64A8E000D86A5 /* Polygon.cpp */; };
/* End PBXBuildFile section */

/* Begin PBXCopyFilesBuildPhase section */
		7635D16519D60EEA002756F2 /* CopyFiles */ = {
			isa = PBXCopyFilesBuildPhase;
			buildActionMask = 2147483647;
			dstPath = /usr/share/man/man1/;
			dstSubfolderSpec = 0;
			files = (
			);
			runOnlyForDeploymentPostprocessing = 1;
		};
/* End PBXCopyFilesBuildPhase section */

/* Begin PBXFileReference section */
		7635D16719D60EEA002756F2 /* containers */ = {isa = PBXFileReference; explicitFileType = "compiled.mach-o.executable"; includeInIndex = 0; path = containers; sourceTree = BUILT_PRODUCTS_DIR; };
		7635D16A19D60EEA002756F2 /* main.cpp */ = {isa = PBXFileReference; lastKnownFileType = sourcecode.cpp.cpp; path = main.cpp; sourceTree = "<group>"; };
		7635D17119D60F03002756F2 /* Container.cpp */ = {isa = PBXFileReference; fileEncoding = 4; lastKnownFileType = sourcecode.cpp.cpp; path = Container.cpp; sourceTree = "<group>"; };
		7635D17219D60F03002756F2 /* Container.h */ = {isa = PBXFileReference; fileEncoding = 4; lastKnownFileType = sourcecode.c.h; path = Container.h; sourceTree = "<group>"; };
		7635D17419D6101F002756F2 /* VectorContainer.cpp */ = {isa = PBXFileReference; fileEncoding = 4; lastKnownFileType = sourcecode.cpp.cpp; path = VectorContainer.cpp; sourceTree = "<group>"; };
		7635D17519D6101F002756F2 /* VectorContainer.h */ = {isa = PBXFileReference; fileEncoding = 4; lastKnownFileType = sourcecode.c.h; path = VectorContainer.h; sourceTree = "<group>"; };
		79548C8219D64A8E000D86A5 /* Polygon.cpp */ = {isa = PBXFileReference; fileEncoding = 4; lastKnownFileType = sourcecode.cpp.cpp; path = Polygon.cpp; sourceTree = "<group>"; };
		79548C8319D64A8E000D86A5 /* Polygon.h */ = {isa = PBXFileReference; fileEncoding = 4; lastKnownFileType = sourcecode.c.h; path = Polygon.h; sourceTree = "<group>"; };
		79548C8519D64DB6000D86A5 /* family.h */ = {isa = PBXFileReference; lastKnownFileType = sourcecode.c.h; path = family.h; sourceTree = "<group>"; };
/* End PBXFileReference section */

/* Begin PBXFrameworksBuildPhase section */
		7635D16419D60EEA002756F2 /* Frameworks */ = {
			isa = PBXFrameworksBuildPhase;
			buildActionMask = 2147483647;
			files = (
			);
			runOnlyForDeploymentPostprocessing = 0;
		};
/* End PBXFrameworksBuildPhase section */

/* Begin PBXGroup section */
		7635D15E19D60EEA002756F2 = {
			isa = PBXGroup;
			children = (
				7635D16919D60EEA002756F2 /* containers */,
				7635D16819D60EEA002756F2 /* Products */,
			);
			sourceTree = "<group>";
		};
		7635D16819D60EEA002756F2 /* Products */ = {
			isa = PBXGroup;
			children = (
				7635D16719D60EEA002756F2 /* containers */,
			);
			name = Products;
			sourceTree = "<group>";
		};
		7635D16919D60EEA002756F2 /* containers */ = {
			isa = PBXGroup;
			children = (
				7635D16A19D60EEA002756F2 /* main.cpp */,
				7635D17119D60F03002756F2 /* Container.cpp */,
				7635D17219D60F03002756F2 /* Container.h */,
				7635D17419D6101F002756F2 /* VectorContainer.cpp */,
				7635D17519D6101F002756F2 /* VectorContainer.h */,
				79548C8219D64A8E000D86A5 /* Polygon.cpp */,
				79548C8319D64A8E000D86A5 /* Polygon.h */,
				79548C8519D64DB6000D86A5 /* family.h */,
			);
			path = containers;
			sourceTree = "<group>";
		};
/* End PBXGroup section */

/* Begin PBXNativeTarget section */
		7635D16619D60EEA002756F2 /* containers */ = {
			isa = PBXNativeTarget;
			buildConfigurationList = 7635D16E19D60EEA002756F2 /* Build configuration list for PBXNativeTarget "containers" */;
			buildPhases = (
				7635D16319D60EEA002756F2 /* Sources */,
				7635D16419D60EEA002756F2 /* Frameworks */,
				7635D16519D60EEA002756F2 /* CopyFiles */,
			);
			buildRules = (
			);
			dependencies = (
			);
			name = containers;
			productName = containers;
			productReference = 7635D16719D60EEA002756F2 /* containers */;
			productType = "com.apple.product-type.tool";
		};
/* End PBXNativeTarget section */

/* Begin PBXProject section */
		7635D15F19D60EEA002756F2 /* Project object */ = {
			isa = PBXProject;
			attributes = {
				LastUpgradeCheck = 0600;
				ORGANIZATIONNAME = "Tsz Chun Lai";
				TargetAttributes = {
					7635D16619D60EEA002756F2 = {
						CreatedOnToolsVersion = 6.0;
					};
				};
			};
			buildConfigurationList = 7635D16219D60EEA002756F2 /* Build configuration list for PBXProject "containers" */;
			compatibilityVersion = "Xcode 3.2";
			developmentRegion = English;
			hasScannedForEncodings = 0;
			knownRegions = (
				en,
			);
			mainGroup = 7635D15E19D60EEA002756F2;
			productRefGroup = 7635D16819D60EEA002756F2 /* Products */;
			projectDirPath = "";
			projectRoot = "";
			targets = (
				7635D16619D60EEA002756F2 /* containers */,
			);
		};
/* End PBXProject section */

/* Begin PBXSourcesBuildPhase section */
		7635D16319D60EEA002756F2 /* Sources */ = {
			isa = PBXSourcesBuildPhase;
			buildActionMask = 2147483647;
			files = (
				79548C8419D64A8E000D86A5 /* Polygon.cpp in Sources */,
				7635D16B19D60EEA002756F2 /* main.cpp in Sources */,
				7635D17619D6101F002756F2 /* VectorContainer.cpp in Sources */,
				7635D17319D60F03002756F2 /* Container.cpp in Sources */,
			);
			runOnlyForDeploymentPostprocessing = 0;
		};
/* End PBXSourcesBuildPhase section */

/* Begin XCBuildConfiguration section */
		7635D16C19D60EEA002756F2 /* Debug */ = {
			isa = XCBuildConfiguration;
			buildSettings = {
				ALWAYS_SEARCH_USER_PATHS = NO;
				CLANG_CXX_LANGUAGE_STANDARD = "gnu++0x";
				CLANG_CXX_LIBRARY = "libc++";
				CLANG_ENABLE_MODULES = YES;
				CLANG_ENABLE_OBJC_ARC = YES;
				CLANG_WARN_BOOL_CONVERSION = YES;
				CLANG_WARN_CONSTANT_CONVERSION = YES;
				CLANG_WARN_DIRECT_OBJC_ISA_USAGE = YES_ERROR;
				CLANG_WARN_EMPTY_BODY = YES;
				CLANG_WARN_ENUM_CONVERSION = YES;
				CLANG_WARN_INT_CONVERSION = YES;
				CLANG_WARN_OBJC_ROOT_CLASS = YES_ERROR;
				CLANG_WARN_UNREACHABLE_CODE = YES;
				CLANG_WARN__DUPLICATE_METHOD_MATCH = YES;
				COPY_PHASE_STRIP = NO;
				ENABLE_STRICT_OBJC_MSGSEND = YES;
				GCC_C_LANGUAGE_STANDARD = gnu99;
				GCC_DYNAMIC_NO_PIC = NO;
				GCC_OPTIMIZATION_LEVEL = 0;
				GCC_PREPROCESSOR_DEFINITIONS = (
					"DEBUG=1",
					"$(inherited)",
				);
				GCC_SYMBOLS_PRIVATE_EXTERN = NO;
				GCC_WARN_64_TO_32_BIT_CONVERSION = YES;
				GCC_WARN_ABOUT_RETURN_TYPE = YES_ERROR;
				GCC_WARN_UNDECLARED_SELECTOR = YES;
				GCC_WARN_UNINITIALIZED_AUTOS = YES_AGGRESSIVE;
				GCC_WARN_UNUSED_FUNCTION = YES;
				GCC_WARN_UNUSED_VARIABLE = YES;
				MACOSX_DEPLOYMENT_TARGET = 10.10;
				MTL_ENABLE_DEBUG_INFO = YES;
				ONLY_ACTIVE_ARCH = YES;
				SDKROOT = macosx;
			};
			name = Debug;
		};
		7635D16D19D60EEA002756F2 /* Release */ = {
			isa = XCBuildConfiguration;
			buildSettings = {
				ALWAYS_SEARCH_USER_PATHS = NO;
				CLANG_CXX_LANGUAGE_STANDARD = "gnu++0x";
				CLANG_CXX_LIBRARY = "libc++";
				CLANG_ENABLE_MODULES = YES;
				CLANG_ENABLE_OBJC_ARC = YES;
				CLANG_WARN_BOOL_CONVERSION = YES;
				CLANG_WARN_CONSTANT_CONVERSION = YES;
				CLANG_WARN_DIRECT_OBJC_ISA_USAGE = YES_ERROR;
				CLANG_WARN_EMPTY_BODY = YES;
				CLANG_WARN_ENUM_CONVERSION = YES;
				CLANG_WARN_INT_CONVERSION = YES;
				CLANG_WARN_OBJC_ROOT_CLASS = YES_ERROR;
				CLANG_WARN_UNREACHABLE_CODE = YES;
				CLANG_WARN__DUPLICATE_METHOD_MATCH = YES;
				COPY_PHASE_STRIP = YES;
				DEBUG_INFORMATION_FORMAT = "dwarf-with-dsym";
				ENABLE_NS_ASSERTIONS = NO;
				ENABLE_STRICT_OBJC_MSGSEND = YES;
				GCC_C_LANGUAGE_STANDARD = gnu99;
				GCC_WARN_64_TO_32_BIT_CONVERSION = YES;
				GCC_WARN_ABOUT_RETURN_TYPE = YES_ERROR;
				GCC_WARN_UNDECLARED_SELECTOR = YES;
				GCC_WARN_UNINITIALIZED_AUTOS = YES_AGGRESSIVE;
				GCC_WARN_UNUSED_FUNCTION = YES;
				GCC_WARN_UNUSED_VARIABLE = YES;
				MACOSX_DEPLOYMENT_TARGET = 10.10;
				MTL_ENABLE_DEBUG_INFO = NO;
				SDKROOT = macosx;
			};
			name = Release;
		};
		7635D16F19D60EEA002756F2 /* Debug */ = {
			isa = XCBuildConfiguration;
			buildSettings = {
				PRODUCT_NAME = "$(TARGET_NAME)";
			};
			name = Debug;
		};
		7635D17019D60EEA002756F2 /* Release */ = {
			isa = XCBuildConfiguration;
			buildSettings = {
				PRODUCT_NAME = "$(TARGET_NAME)";
			};
			name = Release;
		};
/* End XCBuildConfiguration section */

/* Begin XCConfigurationList section */
		7635D16219D60EEA002756F2 /* Build configuration list for PBXProject "containers" */ = {
			isa = XCConfigurationList;
			buildConfigurations = (
				7635D16C19D60EEA002756F2 /* Debug */,
				7635D16D19D60EEA002756F2 /* Release */,
			);
			defaultConfigurationIsVisible = 0;
			defaultConfigurationName = Release;
		};
		7635D16E19D60EEA002756F2 /* Build configuration list for PBXNativeTarget "containers" */ = {
			isa = XCConfigurationList;
			buildConfigurations = (
				7635D16F19D60EEA002756F2 /* Debug */,
				7635D17019D60EEA002756F2 /* Release */,
			);
			defaultConfigurationIsVisible = 0;
			defaultConfigurationName = Release;
		};
/* End XCConfigurationList section */
	};
	rootObject = 7635D15F19D60EEA002756F2 /* Project object */;
}
