// !$*UTF8*$!
{
	archiveVersion = 1;
	classes = {
	};
	objectVersion = 46;
	objects = {

/* Begin PBXBuildFile section */
		7730B22E1BA9D5E8008D5219 /* HelperClass.m in Sources */ = {isa = PBXBuildFile; fileRef = 7730B22D1BA9D5E8008D5219 /* HelperClass.m */; settings = {ASSET_TAGS = (); }; };
		7730B2301BA9D5FB008D5219 /* README.md in Sources */ = {isa = PBXBuildFile; fileRef = 7730B22F1BA9D5FB008D5219 /* README.md */; settings = {ASSET_TAGS = (); }; };
		7730B2321BA9D863008D5219 /* main.m in Sources */ = {isa = PBXBuildFile; fileRef = 7730B2311BA9D863008D5219 /* main.m */; settings = {ASSET_TAGS = (); }; };
/* End PBXBuildFile section */

/* Begin PBXCopyFilesBuildPhase section */
		7730B2201BA9D594008D5219 /* CopyFiles */ = {
			isa = PBXCopyFilesBuildPhase;
			buildActionMask = 2147483647;
			dstPath = /usr/share/man/man1/;
			dstSubfolderSpec = 0;
			files = (
			);
			runOnlyForDeploymentPostprocessing = 1;
		};
/* End PBXCopyFilesBuildPhase section */

/* Begin PBXFileReference section */
		7730B2221BA9D594008D5219 /* blockDebugging */ = {isa = PBXFileReference; explicitFileType = "compiled.mach-o.executable"; includeInIndex = 0; path = blockDebugging; sourceTree = BUILT_PRODUCTS_DIR; };
		7730B22C1BA9D5E8008D5219 /* HelperClass.h */ = {isa = PBXFileReference; fileEncoding = 4; lastKnownFileType = sourcecode.c.h; path = HelperClass.h; sourceTree = "<group>"; };
		7730B22D1BA9D5E8008D5219 /* HelperClass.m */ = {isa = PBXFileReference; fileEncoding = 4; lastKnownFileType = sourcecode.c.objc; path = HelperClass.m; sourceTree = "<group>"; };
		7730B22F1BA9D5FB008D5219 /* README.md */ = {isa = PBXFileReference; fileEncoding = 4; lastKnownFileType = net.daringfireball.markdown; path = README.md; sourceTree = "<group>"; };
		7730B2311BA9D863008D5219 /* main.m */ = {isa = PBXFileReference; fileEncoding = 4; lastKnownFileType = sourcecode.c.objc; path = main.m; sourceTree = "<group>"; };
/* End PBXFileReference section */

/* Begin PBXFrameworksBuildPhase section */
		7730B21F1BA9D594008D5219 /* Frameworks */ = {
			isa = PBXFrameworksBuildPhase;
			buildActionMask = 2147483647;
			files = (
			);
			runOnlyForDeploymentPostprocessing = 0;
		};
/* End PBXFrameworksBuildPhase section */

/* Begin PBXGroup section */
		7730B2191BA9D594008D5219 = {
			isa = PBXGroup;
			children = (
				7730B2241BA9D594008D5219 /* blockDebugging */,
				7730B2231BA9D594008D5219 /* Products */,
			);
			sourceTree = "<group>";
		};
		7730B2231BA9D594008D5219 /* Products */ = {
			isa = PBXGroup;
			children = (
				7730B2221BA9D594008D5219 /* blockDebugging */,
			);
			name = Products;
			sourceTree = "<group>";
		};
		7730B2241BA9D594008D5219 /* blockDebugging */ = {
			isa = PBXGroup;
			children = (
				7730B2311BA9D863008D5219 /* main.m */,
				7730B22C1BA9D5E8008D5219 /* HelperClass.h */,
				7730B22D1BA9D5E8008D5219 /* HelperClass.m */,
				7730B22F1BA9D5FB008D5219 /* README.md */,
			);
			path = blockDebugging;
			sourceTree = "<group>";
		};
/* End PBXGroup section */

/* Begin PBXNativeTarget section */
		7730B2211BA9D594008D5219 /* blockDebugging */ = {
			isa = PBXNativeTarget;
			buildConfigurationList = 7730B2291BA9D594008D5219 /* Build configuration list for PBXNativeTarget "blockDebugging" */;
			buildPhases = (
				7730B21E1BA9D594008D5219 /* Sources */,
				7730B21F1BA9D594008D5219 /* Frameworks */,
				7730B2201BA9D594008D5219 /* CopyFiles */,
			);
			buildRules = (
			);
			dependencies = (
			);
			name = blockDebugging;
			productName = blockDebugging;
			productReference = 7730B2221BA9D594008D5219 /* blockDebugging */;
			productType = "com.apple.product-type.tool";
		};
/* End PBXNativeTarget section */

/* Begin PBXProject section */
		7730B21A1BA9D594008D5219 /* Project object */ = {
			isa = PBXProject;
			attributes = {
				LastUpgradeCheck = 0700;
				ORGANIZATIONNAME = Lai;
				TargetAttributes = {
					7730B2211BA9D594008D5219 = {
						CreatedOnToolsVersion = 7.0;
					};
				};
			};
			buildConfigurationList = 7730B21D1BA9D594008D5219 /* Build configuration list for PBXProject "blockDebugging" */;
			compatibilityVersion = "Xcode 3.2";
			developmentRegion = English;
			hasScannedForEncodings = 0;
			knownRegions = (
				en,
			);
			mainGroup = 7730B2191BA9D594008D5219;
			productRefGroup = 7730B2231BA9D594008D5219 /* Products */;
			projectDirPath = "";
			projectRoot = "";
			targets = (
				7730B2211BA9D594008D5219 /* blockDebugging */,
			);
		};
/* End PBXProject section */

/* Begin PBXSourcesBuildPhase section */
		7730B21E1BA9D594008D5219 /* Sources */ = {
			isa = PBXSourcesBuildPhase;
			buildActionMask = 2147483647;
			files = (
				7730B2301BA9D5FB008D5219 /* README.md in Sources */,
				7730B22E1BA9D5E8008D5219 /* HelperClass.m in Sources */,
				7730B2321BA9D863008D5219 /* main.m in Sources */,
			);
			runOnlyForDeploymentPostprocessing = 0;
		};
/* End PBXSourcesBuildPhase section */

/* Begin XCBuildConfiguration section */
		7730B2271BA9D594008D5219 /* Debug */ = {
			isa = XCBuildConfiguration;
			buildSettings = {
				ALWAYS_SEARCH_USER_PATHS = NO;
				CLANG_CXX_LANGUAGE_STANDARD = "gnu++0x";
				CLANG_CXX_LIBRARY = "libc++";
				CLANG_ENABLE_MODULES = YES;
				CLANG_ENABLE_OBJC_ARC = YES;
				CLANG_WARN_BOOL_CONVERSION = YES;
				CLANG_WARN_CONSTANT_CONVERSION = YES;
				CLANG_WARN_DIRECT_OBJC_ISA_USAGE = YES_ERROR;
				CLANG_WARN_EMPTY_BODY = YES;
				CLANG_WARN_ENUM_CONVERSION = YES;
				CLANG_WARN_INT_CONVERSION = YES;
				CLANG_WARN_OBJC_ROOT_CLASS = YES_ERROR;
				CLANG_WARN_UNREACHABLE_CODE = YES;
				CLANG_WARN__DUPLICATE_METHOD_MATCH = YES;
				COPY_PHASE_STRIP = NO;
				DEBUG_INFORMATION_FORMAT = dwarf;
				ENABLE_STRICT_OBJC_MSGSEND = YES;
				ENABLE_TESTABILITY = YES;
				GCC_C_LANGUAGE_STANDARD = gnu99;
				GCC_DYNAMIC_NO_PIC = NO;
				GCC_NO_COMMON_BLOCKS = YES;
				GCC_OPTIMIZATION_LEVEL = 0;
				GCC_PREPROCESSOR_DEFINITIONS = (
					"DEBUG=1",
					"$(inherited)",
				);
				GCC_WARN_64_TO_32_BIT_CONVERSION = YES;
				GCC_WARN_ABOUT_RETURN_TYPE = YES_ERROR;
				GCC_WARN_UNDECLARED_SELECTOR = YES;
				GCC_WARN_UNINITIALIZED_AUTOS = YES_AGGRESSIVE;
				GCC_WARN_UNUSED_FUNCTION = YES;
				GCC_WARN_UNUSED_VARIABLE = YES;
				MACOSX_DEPLOYMENT_TARGET = 10.11;
				MTL_ENABLE_DEBUG_INFO = YES;
				ONLY_ACTIVE_ARCH = YES;
				SDKROOT = macosx;
			};
			name = Debug;
		};
		7730B2281BA9D594008D5219 /* Release */ = {
			isa = XCBuildConfiguration;
			buildSettings = {
				ALWAYS_SEARCH_USER_PATHS = NO;
				CLANG_CXX_LANGUAGE_STANDARD = "gnu++0x";
				CLANG_CXX_LIBRARY = "libc++";
				CLANG_ENABLE_MODULES = YES;
				CLANG_ENABLE_OBJC_ARC = YES;
				CLANG_WARN_BOOL_CONVERSION = YES;
				CLANG_WARN_CONSTANT_CONVERSION = YES;
				CLANG_WARN_DIRECT_OBJC_ISA_USAGE = YES_ERROR;
				CLANG_WARN_EMPTY_BODY = YES;
				CLANG_WARN_ENUM_CONVERSION = YES;
				CLANG_WARN_INT_CONVERSION = YES;
				CLANG_WARN_OBJC_ROOT_CLASS = YES_ERROR;
				CLANG_WARN_UNREACHABLE_CODE = YES;
				CLANG_WARN__DUPLICATE_METHOD_MATCH = YES;
				COPY_PHASE_STRIP = NO;
				DEBUG_INFORMATION_FORMAT = "dwarf-with-dsym";
				ENABLE_NS_ASSERTIONS = NO;
				ENABLE_STRICT_OBJC_MSGSEND = YES;
				GCC_C_LANGUAGE_STANDARD = gnu99;
				GCC_NO_COMMON_BLOCKS = YES;
				GCC_WARN_64_TO_32_BIT_CONVERSION = YES;
				GCC_WARN_ABOUT_RETURN_TYPE = YES_ERROR;
				GCC_WARN_UNDECLARED_SELECTOR = YES;
				GCC_WARN_UNINITIALIZED_AUTOS = YES_AGGRESSIVE;
				GCC_WARN_UNUSED_FUNCTION = YES;
				GCC_WARN_UNUSED_VARIABLE = YES;
				MACOSX_DEPLOYMENT_TARGET = 10.11;
				MTL_ENABLE_DEBUG_INFO = NO;
				SDKROOT = macosx;
			};
			name = Release;
		};
		7730B22A1BA9D594008D5219 /* Debug */ = {
			isa = XCBuildConfiguration;
			buildSettings = {
				PRODUCT_NAME = "$(TARGET_NAME)";
			};
			name = Debug;
		};
		7730B22B1BA9D594008D5219 /* Release */ = {
			isa = XCBuildConfiguration;
			buildSettings = {
				PRODUCT_NAME = "$(TARGET_NAME)";
			};
			name = Release;
		};
/* End XCBuildConfiguration section */

/* Begin XCConfigurationList section */
		7730B21D1BA9D594008D5219 /* Build configuration list for PBXProject "blockDebugging" */ = {
			isa = XCConfigurationList;
			buildConfigurations = (
				7730B2271BA9D594008D5219 /* Debug */,
				7730B2281BA9D594008D5219 /* Release */,
			);
			defaultConfigurationIsVisible = 0;
			defaultConfigurationName = Release;
		};
		7730B2291BA9D594008D5219 /* Build configuration list for PBXNativeTarget "blockDebugging" */ = {
			isa = XCConfigurationList;
			buildConfigurations = (
				7730B22A1BA9D594008D5219 /* Debug */,
				7730B22B1BA9D594008D5219 /* Release */,
			);
			defaultConfigurationIsVisible = 0;
		};
/* End XCConfigurationList section */
	};
	rootObject = 7730B21A1BA9D594008D5219 /* Project object */;
}
