// !$*UTF8*$!
{
	archiveVersion = 1;
	classes = {
	};
	objectVersion = 50;
	objects = {

/* Begin PBXBuildFile section */
		7676ACDD20D6C01D000B3163 /* AppDelegate.swift in Sources */ = {isa = PBXBuildFile; fileRef = 7676ACDC20D6C01D000B3163 /* AppDelegate.swift */; };
		7676ACDF20D6C01D000B3163 /* ViewController.swift in Sources */ = {isa = PBXBuildFile; fileRef = 7676ACDE20D6C01D000B3163 /* ViewController.swift */; };
		7676ACE220D6C01D000B3163 /* Main.storyboard in Resources */ = {isa = PBXBuildFile; fileRef = 7676ACE020D6C01D000B3163 /* Main.storyboard */; };
		7676ACE520D6C01D000B3163 /* RxSwiftPlayground.xcdatamodeld in Sources */ = {isa = PBXBuildFile; fileRef = 7676ACE320D6C01D000B3163 /* RxSwiftPlayground.xcdatamodeld */; };
		7676ACE720D6C01E000B3163 /* Assets.xcassets in Resources */ = {isa = PBXBuildFile; fileRef = 7676ACE620D6C01E000B3163 /* Assets.xcassets */; };
		7676ACEA20D6C01E000B3163 /* LaunchScreen.storyboard in Resources */ = {isa = PBXBuildFile; fileRef = 7676ACE820D6C01E000B3163 /* LaunchScreen.storyboard */; };
		7676ACF520D6C01E000B3163 /* RxSwiftPlaygroundTests.swift in Sources */ = {isa = PBXBuildFile; fileRef = 7676ACF420D6C01E000B3163 /* RxSwiftPlaygroundTests.swift */; };
		CFA72BA76C546C4B1257223B /* Pods_RxSwiftPlayground.framework in Frameworks */ = {isa = PBXBuildFile; fileRef = 0ABFAAF58730BAFC9124372E /* Pods_RxSwiftPlayground.framework */; };
/* End PBXBuildFile section */

/* Begin PBXContainerItemProxy section */
		7676ACF120D6C01E000B3163 /* PBXContainerItemProxy */ = {
			isa = PBXContainerItemProxy;
			containerPortal = 7676ACD120D6C01D000B3163 /* Project object */;
			proxyType = 1;
			remoteGlobalIDString = 7676ACD820D6C01D000B3163;
			remoteInfo = RxSwiftPlayground;
		};
/* End PBXContainerItemProxy section */

/* Begin PBXFileReference section */
		0ABFAAF58730BAFC9124372E /* Pods_RxSwiftPlayground.framework */ = {isa = PBXFileReference; explicitFileType = wrapper.framework; includeInIndex = 0; path = Pods_RxSwiftPlayground.framework; sourceTree = BUILT_PRODUCTS_DIR; };
		7676ACD920D6C01D000B3163 /* RxSwiftPlayground.app */ = {isa = PBXFileReference; explicitFileType = wrapper.application; includeInIndex = 0; path = RxSwiftPlayground.app; sourceTree = BUILT_PRODUCTS_DIR; };
		7676ACDC20D6C01D000B3163 /* AppDelegate.swift */ = {isa = PBXFileReference; lastKnownFileType = sourcecode.swift; path = AppDelegate.swift; sourceTree = "<group>"; };
		7676ACDE20D6C01D000B3163 /* ViewController.swift */ = {isa = PBXFileReference; lastKnownFileType = sourcecode.swift; path = ViewController.swift; sourceTree = "<group>"; };
		7676ACE120D6C01D000B3163 /* Base */ = {isa = PBXFileReference; lastKnownFileType = file.storyboard; name = Base; path = Base.lproj/Main.storyboard; sourceTree = "<group>"; };
		7676ACE420D6C01D000B3163 /* RxSwiftPlayground.xcdatamodel */ = {isa = PBXFileReference; lastKnownFileType = wrapper.xcdatamodel; path = RxSwiftPlayground.xcdatamodel; sourceTree = "<group>"; };
		7676ACE620D6C01E000B3163 /* Assets.xcassets */ = {isa = PBXFileReference; lastKnownFileType = folder.assetcatalog; path = Assets.xcassets; sourceTree = "<group>"; };
		7676ACE920D6C01E000B3163 /* Base */ = {isa = PBXFileReference; lastKnownFileType = file.storyboard; name = Base; path = Base.lproj/LaunchScreen.storyboard; sourceTree = "<group>"; };
		7676ACEB20D6C01E000B3163 /* Info.plist */ = {isa = PBXFileReference; lastKnownFileType = text.plist.xml; path = Info.plist; sourceTree = "<group>"; };
		7676ACF020D6C01E000B3163 /* RxSwiftPlaygroundTests.xctest */ = {isa = PBXFileReference; explicitFileType = wrapper.cfbundle; includeInIndex = 0; path = RxSwiftPlaygroundTests.xctest; sourceTree = BUILT_PRODUCTS_DIR; };
		7676ACF420D6C01E000B3163 /* RxSwiftPlaygroundTests.swift */ = {isa = PBXFileReference; lastKnownFileType = sourcecode.swift; path = RxSwiftPlaygroundTests.swift; sourceTree = "<group>"; };
		7676ACF620D6C01E000B3163 /* Info.plist */ = {isa = PBXFileReference; lastKnownFileType = text.plist.xml; path = Info.plist; sourceTree = "<group>"; };
		7676ACFF20D6C08E000B3163 /* RXSwiftPlayground.playground */ = {isa = PBXFileReference; lastKnownFileType = file.playground; path = RXSwiftPlayground.playground; sourceTree = "<group>"; xcLanguageSpecificationIdentifier = xcode.lang.swift; };
		8DCE66289A9241BCD5000BC6 /* Pods-RxSwiftPlayground.release.xcconfig */ = {isa = PBXFileReference; includeInIndex = 1; lastKnownFileType = text.xcconfig; name = "Pods-RxSwiftPlayground.release.xcconfig"; path = "Pods/Target Support Files/Pods-RxSwiftPlayground/Pods-RxSwiftPlayground.release.xcconfig"; sourceTree = "<group>"; };
		ABDDE03A880E03DC24554C6E /* Pods-RxSwiftPlayground.debug.xcconfig */ = {isa = PBXFileReference; includeInIndex = 1; lastKnownFileType = text.xcconfig; name = "Pods-RxSwiftPlayground.debug.xcconfig"; path = "Pods/Target Support Files/Pods-RxSwiftPlayground/Pods-RxSwiftPlayground.debug.xcconfig"; sourceTree = "<group>"; };
/* End PBXFileReference section */

/* Begin PBXFrameworksBuildPhase section */
		7676ACD620D6C01D000B3163 /* Frameworks */ = {
			isa = PBXFrameworksBuildPhase;
			buildActionMask = 2147483647;
			files = (
				CFA72BA76C546C4B1257223B /* Pods_RxSwiftPlayground.framework in Frameworks */,
			);
			runOnlyForDeploymentPostprocessing = 0;
		};
		7676ACED20D6C01E000B3163 /* Frameworks */ = {
			isa = PBXFrameworksBuildPhase;
			buildActionMask = 2147483647;
			files = (
			);
			runOnlyForDeploymentPostprocessing = 0;
		};
/* End PBXFrameworksBuildPhase section */

/* Begin PBXGroup section */
		0D2A9FF5DA6C73F667698528 /* Pods */ = {
			isa = PBXGroup;
			children = (
				ABDDE03A880E03DC24554C6E /* Pods-RxSwiftPlayground.debug.xcconfig */,
				8DCE66289A9241BCD5000BC6 /* Pods-RxSwiftPlayground.release.xcconfig */,
			);
			name = Pods;
			sourceTree = "<group>";
		};
		7676ACD020D6C01D000B3163 = {
			isa = PBXGroup;
			children = (
				7676ACDB20D6C01D000B3163 /* RxSwiftPlayground */,
				7676ACF320D6C01E000B3163 /* RxSwiftPlaygroundTests */,
				7676ACDA20D6C01D000B3163 /* Products */,
				0D2A9FF5DA6C73F667698528 /* Pods */,
				FBF1BE2459EAE7B0D24DA653 /* Frameworks */,
			);
			sourceTree = "<group>";
		};
		7676ACDA20D6C01D000B3163 /* Products */ = {
			isa = PBXGroup;
			children = (
				7676ACD920D6C01D000B3163 /* RxSwiftPlayground.app */,
				7676ACF020D6C01E000B3163 /* RxSwiftPlaygroundTests.xctest */,
			);
			name = Products;
			sourceTree = "<group>";
		};
		7676ACDB20D6C01D000B3163 /* RxSwiftPlayground */ = {
			isa = PBXGroup;
			children = (
				7676ACFF20D6C08E000B3163 /* RXSwiftPlayground.playground */,
				7676ACDC20D6C01D000B3163 /* AppDelegate.swift */,
				7676ACDE20D6C01D000B3163 /* ViewController.swift */,
				7676ACE020D6C01D000B3163 /* Main.storyboard */,
				7676ACE620D6C01E000B3163 /* Assets.xcassets */,
				7676ACE820D6C01E000B3163 /* LaunchScreen.storyboard */,
				7676ACEB20D6C01E000B3163 /* Info.plist */,
				7676ACE320D6C01D000B3163 /* RxSwiftPlayground.xcdatamodeld */,
			);
			path = RxSwiftPlayground;
			sourceTree = "<group>";
		};
		7676ACF320D6C01E000B3163 /* RxSwiftPlaygroundTests */ = {
			isa = PBXGroup;
			children = (
				7676ACF420D6C01E000B3163 /* RxSwiftPlaygroundTests.swift */,
				7676ACF620D6C01E000B3163 /* Info.plist */,
			);
			path = RxSwiftPlaygroundTests;
			sourceTree = "<group>";
		};
		FBF1BE2459EAE7B0D24DA653 /* Frameworks */ = {
			isa = PBXGroup;
			children = (
				0ABFAAF58730BAFC9124372E /* Pods_RxSwiftPlayground.framework */,
			);
			name = Frameworks;
			sourceTree = "<group>";
		};
/* End PBXGroup section */

/* Begin PBXNativeTarget section */
		7676ACD820D6C01D000B3163 /* RxSwiftPlayground */ = {
			isa = PBXNativeTarget;
			buildConfigurationList = 7676ACF920D6C01E000B3163 /* Build configuration list for PBXNativeTarget "RxSwiftPlayground" */;
			buildPhases = (
				BCA785143CACEC082DBBC0DC /* [CP] Check Pods Manifest.lock */,
				7676ACD520D6C01D000B3163 /* Sources */,
				7676ACD620D6C01D000B3163 /* Frameworks */,
				7676ACD720D6C01D000B3163 /* Resources */,
				31BB21CFB47EB2CDCC078AA4 /* [CP] Embed Pods Frameworks */,
			);
			buildRules = (
			);
			dependencies = (
			);
			name = RxSwiftPlayground;
			productName = RxSwiftPlayground;
			productReference = 7676ACD920D6C01D000B3163 /* RxSwiftPlayground.app */;
			productType = "com.apple.product-type.application";
		};
		7676ACEF20D6C01E000B3163 /* RxSwiftPlaygroundTests */ = {
			isa = PBXNativeTarget;
			buildConfigurationList = 7676ACFC20D6C01E000B3163 /* Build configuration list for PBXNativeTarget "RxSwiftPlaygroundTests" */;
			buildPhases = (
				7676ACEC20D6C01E000B3163 /* Sources */,
				7676ACED20D6C01E000B3163 /* Frameworks */,
				7676ACEE20D6C01E000B3163 /* Resources */,
			);
			buildRules = (
			);
			dependencies = (
				7676ACF220D6C01E000B3163 /* PBXTargetDependency */,
			);
			name = RxSwiftPlaygroundTests;
			productName = RxSwiftPlaygroundTests;
			productReference = 7676ACF020D6C01E000B3163 /* RxSwiftPlaygroundTests.xctest */;
			productType = "com.apple.product-type.bundle.unit-test";
		};
/* End PBXNativeTarget section */

/* Begin PBXProject section */
		7676ACD120D6C01D000B3163 /* Project object */ = {
			isa = PBXProject;
			attributes = {
				LastSwiftUpdateCheck = 0940;
				LastUpgradeCheck = 0940;
				ORGANIZATIONNAME = Lai;
				TargetAttributes = {
					7676ACD820D6C01D000B3163 = {
						CreatedOnToolsVersion = 9.4;
					};
					7676ACEF20D6C01E000B3163 = {
						CreatedOnToolsVersion = 9.4;
						TestTargetID = 7676ACD820D6C01D000B3163;
					};
				};
			};
			buildConfigurationList = 7676ACD420D6C01D000B3163 /* Build configuration list for PBXProject "RxSwiftPlayground" */;
			compatibilityVersion = "Xcode 9.3";
			developmentRegion = en;
			hasScannedForEncodings = 0;
			knownRegions = (
				en,
				Base,
			);
			mainGroup = 7676ACD020D6C01D000B3163;
			productRefGroup = 7676ACDA20D6C01D000B3163 /* Products */;
			projectDirPath = "";
			projectRoot = "";
			targets = (
				7676ACD820D6C01D000B3163 /* RxSwiftPlayground */,
				7676ACEF20D6C01E000B3163 /* RxSwiftPlaygroundTests */,
			);
		};
/* End PBXProject section */

/* Begin PBXResourcesBuildPhase section */
		7676ACD720D6C01D000B3163 /* Resources */ = {
			isa = PBXResourcesBuildPhase;
			buildActionMask = 2147483647;
			files = (
				7676ACEA20D6C01E000B3163 /* LaunchScreen.storyboard in Resources */,
				7676ACE720D6C01E000B3163 /* Assets.xcassets in Resources */,
				7676ACE220D6C01D000B3163 /* Main.storyboard in Resources */,
			);
			runOnlyForDeploymentPostprocessing = 0;
		};
		7676ACEE20D6C01E000B3163 /* Resources */ = {
			isa = PBXResourcesBuildPhase;
			buildActionMask = 2147483647;
			files = (
			);
			runOnlyForDeploymentPostprocessing = 0;
		};
/* End PBXResourcesBuildPhase section */

/* Begin PBXShellScriptBuildPhase section */
		31BB21CFB47EB2CDCC078AA4 /* [CP] Embed Pods Frameworks */ = {
			isa = PBXShellScriptBuildPhase;
			buildActionMask = 2147483647;
			files = (
			);
			inputPaths = (
				"${SRCROOT}/Pods/Target Support Files/Pods-RxSwiftPlayground/Pods-RxSwiftPlayground-frameworks.sh",
				"${BUILT_PRODUCTS_DIR}/RxSwift/RxSwift.framework",
			);
			name = "[CP] Embed Pods Frameworks";
			outputPaths = (
				"${TARGET_BUILD_DIR}/${FRAMEWORKS_FOLDER_PATH}/RxSwift.framework",
			);
			runOnlyForDeploymentPostprocessing = 0;
			shellPath = /bin/sh;
			shellScript = "\"${SRCROOT}/Pods/Target Support Files/Pods-RxSwiftPlayground/Pods-RxSwiftPlayground-frameworks.sh\"\n";
			showEnvVarsInLog = 0;
		};
		BCA785143CACEC082DBBC0DC /* [CP] Check Pods Manifest.lock */ = {
			isa = PBXShellScriptBuildPhase;
			buildActionMask = 2147483647;
			files = (
			);
			inputPaths = (
				"${PODS_PODFILE_DIR_PATH}/Podfile.lock",
				"${PODS_ROOT}/Manifest.lock",
			);
			name = "[CP] Check Pods Manifest.lock";
			outputPaths = (
				"$(DERIVED_FILE_DIR)/Pods-RxSwiftPlayground-checkManifestLockResult.txt",
			);
			runOnlyForDeploymentPostprocessing = 0;
			shellPath = /bin/sh;
			shellScript = "diff \"${PODS_PODFILE_DIR_PATH}/Podfile.lock\" \"${PODS_ROOT}/Manifest.lock\" > /dev/null\nif [ $? != 0 ] ; then\n    # print error to STDERR\n    echo \"error: The sandbox is not in sync with the Podfile.lock. Run 'pod install' or update your CocoaPods installation.\" >&2\n    exit 1\nfi\n# This output is used by Xcode 'outputs' to avoid re-running this script phase.\necho \"SUCCESS\" > \"${SCRIPT_OUTPUT_FILE_0}\"\n";
			showEnvVarsInLog = 0;
		};
/* End PBXShellScriptBuildPhase section */

/* Begin PBXSourcesBuildPhase section */
		7676ACD520D6C01D000B3163 /* Sources */ = {
			isa = PBXSourcesBuildPhase;
			buildActionMask = 2147483647;
			files = (
				7676ACE520D6C01D000B3163 /* RxSwiftPlayground.xcdatamodeld in Sources */,
				7676ACDF20D6C01D000B3163 /* ViewController.swift in Sources */,
				7676ACDD20D6C01D000B3163 /* AppDelegate.swift in Sources */,
			);
			runOnlyForDeploymentPostprocessing = 0;
		};
		7676ACEC20D6C01E000B3163 /* Sources */ = {
			isa = PBXSourcesBuildPhase;
			buildActionMask = 2147483647;
			files = (
				7676ACF520D6C01E000B3163 /* RxSwiftPlaygroundTests.swift in Sources */,
			);
			runOnlyForDeploymentPostprocessing = 0;
		};
/* End PBXSourcesBuildPhase section */

/* Begin PBXTargetDependency section */
		7676ACF220D6C01E000B3163 /* PBXTargetDependency */ = {
			isa = PBXTargetDependency;
			target = 7676ACD820D6C01D000B3163 /* RxSwiftPlayground */;
			targetProxy = 7676ACF120D6C01E000B3163 /* PBXContainerItemProxy */;
		};
/* End PBXTargetDependency section */

/* Begin PBXVariantGroup section */
		7676ACE020D6C01D000B3163 /* Main.storyboard */ = {
			isa = PBXVariantGroup;
			children = (
				7676ACE120D6C01D000B3163 /* Base */,
			);
			name = Main.storyboard;
			sourceTree = "<group>";
		};
		7676ACE820D6C01E000B3163 /* LaunchScreen.storyboard */ = {
			isa = PBXVariantGroup;
			children = (
				7676ACE920D6C01E000B3163 /* Base */,
			);
			name = LaunchScreen.storyboard;
			sourceTree = "<group>";
		};
/* End PBXVariantGroup section */

/* Begin XCBuildConfiguration section */
		7676ACF720D6C01E000B3163 /* Debug */ = {
			isa = XCBuildConfiguration;
			buildSettings = {
				ALWAYS_SEARCH_USER_PATHS = NO;
				CLANG_ANALYZER_NONNULL = YES;
				CLANG_ANALYZER_NUMBER_OBJECT_CONVERSION = YES_AGGRESSIVE;
				CLANG_CXX_LANGUAGE_STANDARD = "gnu++14";
				CLANG_CXX_LIBRARY = "libc++";
				CLANG_ENABLE_MODULES = YES;
				CLANG_ENABLE_OBJC_ARC = YES;
				CLANG_ENABLE_OBJC_WEAK = YES;
				CLANG_WARN_BLOCK_CAPTURE_AUTORELEASING = YES;
				CLANG_WARN_BOOL_CONVERSION = YES;
				CLANG_WARN_COMMA = YES;
				CLANG_WARN_CONSTANT_CONVERSION = YES;
				CLANG_WARN_DEPRECATED_OBJC_IMPLEMENTATIONS = YES;
				CLANG_WARN_DIRECT_OBJC_ISA_USAGE = YES_ERROR;
				CLANG_WARN_DOCUMENTATION_COMMENTS = YES;
				CLANG_WARN_EMPTY_BODY = YES;
				CLANG_WARN_ENUM_CONVERSION = YES;
				CLANG_WARN_INFINITE_RECURSION = YES;
				CLANG_WARN_INT_CONVERSION = YES;
				CLANG_WARN_NON_LITERAL_NULL_CONVERSION = YES;
				CLANG_WARN_OBJC_IMPLICIT_RETAIN_SELF = YES;
				CLANG_WARN_OBJC_LITERAL_CONVERSION = YES;
				CLANG_WARN_OBJC_ROOT_CLASS = YES_ERROR;
				CLANG_WARN_RANGE_LOOP_ANALYSIS = YES;
				CLANG_WARN_STRICT_PROTOTYPES = YES;
				CLANG_WARN_SUSPICIOUS_MOVE = YES;
				CLANG_WARN_UNGUARDED_AVAILABILITY = YES_AGGRESSIVE;
				CLANG_WARN_UNREACHABLE_CODE = YES;
				CLANG_WARN__DUPLICATE_METHOD_MATCH = YES;
				CODE_SIGN_IDENTITY = "iPhone Developer";
				COPY_PHASE_STRIP = NO;
				DEBUG_INFORMATION_FORMAT = dwarf;
				ENABLE_STRICT_OBJC_MSGSEND = YES;
				ENABLE_TESTABILITY = YES;
				GCC_C_LANGUAGE_STANDARD = gnu11;
				GCC_DYNAMIC_NO_PIC = NO;
				GCC_NO_COMMON_BLOCKS = YES;
				GCC_OPTIMIZATION_LEVEL = 0;
				GCC_PREPROCESSOR_DEFINITIONS = (
					"DEBUG=1",
					"$(inherited)",
				);
				GCC_WARN_64_TO_32_BIT_CONVERSION = YES;
				GCC_WARN_ABOUT_RETURN_TYPE = YES_ERROR;
				GCC_WARN_UNDECLARED_SELECTOR = YES;
				GCC_WARN_UNINITIALIZED_AUTOS = YES_AGGRESSIVE;
				GCC_WARN_UNUSED_FUNCTION = YES;
				GCC_WARN_UNUSED_VARIABLE = YES;
				IPHONEOS_DEPLOYMENT_TARGET = 11.4;
				MTL_ENABLE_DEBUG_INFO = YES;
				ONLY_ACTIVE_ARCH = YES;
				SDKROOT = iphoneos;
				SWIFT_ACTIVE_COMPILATION_CONDITIONS = DEBUG;
				SWIFT_OPTIMIZATION_LEVEL = "-Onone";
			};
			name = Debug;
		};
		7676ACF820D6C01E000B3163 /* Release */ = {
			isa = XCBuildConfiguration;
			buildSettings = {
				ALWAYS_SEARCH_USER_PATHS = NO;
				CLANG_ANALYZER_NONNULL = YES;
				CLANG_ANALYZER_NUMBER_OBJECT_CONVERSION = YES_AGGRESSIVE;
				CLANG_CXX_LANGUAGE_STANDARD = "gnu++14";
				CLANG_CXX_LIBRARY = "libc++";
				CLANG_ENABLE_MODULES = YES;
				CLANG_ENABLE_OBJC_ARC = YES;
				CLANG_ENABLE_OBJC_WEAK = YES;
				CLANG_WARN_BLOCK_CAPTURE_AUTORELEASING = YES;
				CLANG_WARN_BOOL_CONVERSION = YES;
				CLANG_WARN_COMMA = YES;
				CLANG_WARN_CONSTANT_CONVERSION = YES;
				CLANG_WARN_DEPRECATED_OBJC_IMPLEMENTATIONS = YES;
				CLANG_WARN_DIRECT_OBJC_ISA_USAGE = YES_ERROR;
				CLANG_WARN_DOCUMENTATION_COMMENTS = YES;
				CLANG_WARN_EMPTY_BODY = YES;
				CLANG_WARN_ENUM_CONVERSION = YES;
				CLANG_WARN_INFINITE_RECURSION = YES;
				CLANG_WARN_INT_CONVERSION = YES;
				CLANG_WARN_NON_LITERAL_NULL_CONVERSION = YES;
				CLANG_WARN_OBJC_IMPLICIT_RETAIN_SELF = YES;
				CLANG_WARN_OBJC_LITERAL_CONVERSION = YES;
				CLANG_WARN_OBJC_ROOT_CLASS = YES_ERROR;
				CLANG_WARN_RANGE_LOOP_ANALYSIS = YES;
				CLANG_WARN_STRICT_PROTOTYPES = YES;
				CLANG_WARN_SUSPICIOUS_MOVE = YES;
				CLANG_WARN_UNGUARDED_AVAILABILITY = YES_AGGRESSIVE;
				CLANG_WARN_UNREACHABLE_CODE = YES;
				CLANG_WARN__DUPLICATE_METHOD_MATCH = YES;
				CODE_SIGN_IDENTITY = "iPhone Developer";
				COPY_PHASE_STRIP = NO;
				DEBUG_INFORMATION_FORMAT = "dwarf-with-dsym";
				ENABLE_NS_ASSERTIONS = NO;
				ENABLE_STRICT_OBJC_MSGSEND = YES;
				GCC_C_LANGUAGE_STANDARD = gnu11;
				GCC_NO_COMMON_BLOCKS = YES;
				GCC_WARN_64_TO_32_BIT_CONVERSION = YES;
				GCC_WARN_ABOUT_RETURN_TYPE = YES_ERROR;
				GCC_WARN_UNDECLARED_SELECTOR = YES;
				GCC_WARN_UNINITIALIZED_AUTOS = YES_AGGRESSIVE;
				GCC_WARN_UNUSED_FUNCTION = YES;
				GCC_WARN_UNUSED_VARIABLE = YES;
				IPHONEOS_DEPLOYMENT_TARGET = 11.4;
				MTL_ENABLE_DEBUG_INFO = NO;
				SDKROOT = iphoneos;
				SWIFT_COMPILATION_MODE = wholemodule;
				SWIFT_OPTIMIZATION_LEVEL = "-O";
				VALIDATE_PRODUCT = YES;
			};
			name = Release;
		};
		7676ACFA20D6C01E000B3163 /* Debug */ = {
			isa = XCBuildConfiguration;
			baseConfigurationReference = ABDDE03A880E03DC24554C6E /* Pods-RxSwiftPlayground.debug.xcconfig */;
			buildSettings = {
				ASSETCATALOG_COMPILER_APPICON_NAME = AppIcon;
				CODE_SIGN_STYLE = Automatic;
				DEVELOPMENT_TEAM = DPRFY9YDG3;
				INFOPLIST_FILE = RxSwiftPlayground/Info.plist;
				LD_RUNPATH_SEARCH_PATHS = (
					"$(inherited)",
					"@executable_path/Frameworks",
				);
				PRODUCT_BUNDLE_IDENTIFIER = com.Lai.RxSwiftPlayground;
				PRODUCT_NAME = "$(TARGET_NAME)";
				SWIFT_VERSION = 4.0;
				TARGETED_DEVICE_FAMILY = "1,2";
			};
			name = Debug;
		};
		7676ACFB20D6C01E000B3163 /* Release */ = {
			isa = XCBuildConfiguration;
			baseConfigurationReference = 8DCE66289A9241BCD5000BC6 /* Pods-RxSwiftPlayground.release.xcconfig */;
			buildSettings = {
				ASSETCATALOG_COMPILER_APPICON_NAME = AppIcon;
				CODE_SIGN_STYLE = Automatic;
				DEVELOPMENT_TEAM = DPRFY9YDG3;
				INFOPLIST_FILE = RxSwiftPlayground/Info.plist;
				LD_RUNPATH_SEARCH_PATHS = (
					"$(inherited)",
					"@executable_path/Frameworks",
				);
				PRODUCT_BUNDLE_IDENTIFIER = com.Lai.RxSwiftPlayground;
				PRODUCT_NAME = "$(TARGET_NAME)";
				SWIFT_VERSION = 4.0;
				TARGETED_DEVICE_FAMILY = "1,2";
			};
			name = Release;
		};
		7676ACFD20D6C01E000B3163 /* Debug */ = {
			isa = XCBuildConfiguration;
			buildSettings = {
				ALWAYS_EMBED_SWIFT_STANDARD_LIBRARIES = YES;
				BUNDLE_LOADER = "$(TEST_HOST)";
				CODE_SIGN_STYLE = Automatic;
				DEVELOPMENT_TEAM = DPRFY9YDG3;
				INFOPLIST_FILE = RxSwiftPlaygroundTests/Info.plist;
				LD_RUNPATH_SEARCH_PATHS = (
					"$(inherited)",
					"@executable_path/Frameworks",
					"@loader_path/Frameworks",
				);
				PRODUCT_BUNDLE_IDENTIFIER = com.Lai.RxSwiftPlaygroundTests;
				PRODUCT_NAME = "$(TARGET_NAME)";
				SWIFT_VERSION = 4.0;
				TARGETED_DEVICE_FAMILY = "1,2";
				TEST_HOST = "$(BUILT_PRODUCTS_DIR)/RxSwiftPlayground.app/RxSwiftPlayground";
			};
			name = Debug;
		};
		7676ACFE20D6C01E000B3163 /* Release */ = {
			isa = XCBuildConfiguration;
			buildSettings = {
				ALWAYS_EMBED_SWIFT_STANDARD_LIBRARIES = YES;
				BUNDLE_LOADER = "$(TEST_HOST)";
				CODE_SIGN_STYLE = Automatic;
				DEVELOPMENT_TEAM = DPRFY9YDG3;
				INFOPLIST_FILE = RxSwiftPlaygroundTests/Info.plist;
				LD_RUNPATH_SEARCH_PATHS = (
					"$(inherited)",
					"@executable_path/Frameworks",
					"@loader_path/Frameworks",
				);
				PRODUCT_BUNDLE_IDENTIFIER = com.Lai.RxSwiftPlaygroundTests;
				PRODUCT_NAME = "$(TARGET_NAME)";
				SWIFT_VERSION = 4.0;
				TARGETED_DEVICE_FAMILY = "1,2";
				TEST_HOST = "$(BUILT_PRODUCTS_DIR)/RxSwiftPlayground.app/RxSwiftPlayground";
			};
			name = Release;
		};
/* End XCBuildConfiguration section */

/* Begin XCConfigurationList section */
		7676ACD420D6C01D000B3163 /* Build configuration list for PBXProject "RxSwiftPlayground" */ = {
			isa = XCConfigurationList;
			buildConfigurations = (
				7676ACF720D6C01E000B3163 /* Debug */,
				7676ACF820D6C01E000B3163 /* Release */,
			);
			defaultConfigurationIsVisible = 0;
			defaultConfigurationName = Release;
		};
		7676ACF920D6C01E000B3163 /* Build configuration list for PBXNativeTarget "RxSwiftPlayground" */ = {
			isa = XCConfigurationList;
			buildConfigurations = (
				7676ACFA20D6C01E000B3163 /* Debug */,
				7676ACFB20D6C01E000B3163 /* Release */,
			);
			defaultConfigurationIsVisible = 0;
			defaultConfigurationName = Release;
		};
		7676ACFC20D6C01E000B3163 /* Build configuration list for PBXNativeTarget "RxSwiftPlaygroundTests" */ = {
			isa = XCConfigurationList;
			buildConfigurations = (
				7676ACFD20D6C01E000B3163 /* Debug */,
				7676ACFE20D6C01E000B3163 /* Release */,
			);
			defaultConfigurationIsVisible = 0;
			defaultConfigurationName = Release;
		};
/* End XCConfigurationList section */

/* Begin XCVersionGroup section */
		7676ACE320D6C01D000B3163 /* RxSwiftPlayground.xcdatamodeld */ = {
			isa = XCVersionGroup;
			children = (
				7676ACE420D6C01D000B3163 /* RxSwiftPlayground.xcdatamodel */,
			);
			currentVersion = 7676ACE420D6C01D000B3163 /* RxSwiftPlayground.xcdatamodel */;
			path = RxSwiftPlayground.xcdatamodeld;
			sourceTree = "<group>";
			versionGroupType = wrapper.xcdatamodel;
		};
/* End XCVersionGroup section */
	};
	rootObject = 7676ACD120D6C01D000B3163 /* Project object */;
}
