// !$*UTF8*$!
{
	archiveVersion = 1;
	classes = {
	};
	objectVersion = 46;
	objects = {

/* Begin PBXBuildFile section */
		764F238719B919A2006B6ED8 /* main.cpp in Sources */ = {isa = PBXBuildFile; fileRef = 764F238619B919A2006B6ED8 /* main.cpp */; };
		79FCCDD419B4D7A300AC4A9A /* Chrono.cpp in Sources */ = {isa = PBXBuildFile; fileRef = 79FCCDD319B4D7A300AC4A9A /* Chrono.cpp */; };
/* End PBXBuildFile section */

/* Begin PBXCopyFilesBuildPhase section */
		79FCCD1619AFBFE300AC4A9A /* CopyFiles */ = {
			isa = PBXCopyFilesBuildPhase;
			buildActionMask = 2147483647;
			dstPath = /usr/share/man/man1/;
			dstSubfolderSpec = 0;
			files = (
			);
			runOnlyForDeploymentPostprocessing = 1;
		};
/* End PBXCopyFilesBuildPhase section */

/* Begin PBXFileReference section */
		764F238619B919A2006B6ED8 /* main.cpp */ = {isa = PBXFileReference; fileEncoding = 4; lastKnownFileType = sourcecode.cpp.cpp; path = main.cpp; sourceTree = "<group>"; };
		79FCCD1819AFBFE300AC4A9A /* User_defined_types */ = {isa = PBXFileReference; explicitFileType = "compiled.mach-o.executable"; includeInIndex = 0; path = User_defined_types; sourceTree = BUILT_PRODUCTS_DIR; };
		79FCCD2219AFC00000AC4A9A /* std_lib_facilities.h */ = {isa = PBXFileReference; lastKnownFileType = sourcecode.c.h; path = std_lib_facilities.h; sourceTree = "<group>"; };
		79FCCDD219B4D68B00AC4A9A /* Chrono.h */ = {isa = PBXFileReference; lastKnownFileType = sourcecode.c.h; path = Chrono.h; sourceTree = "<group>"; };
		79FCCDD319B4D7A300AC4A9A /* Chrono.cpp */ = {isa = PBXFileReference; fileEncoding = 4; lastKnownFileType = sourcecode.cpp.cpp; path = Chrono.cpp; sourceTree = "<group>"; };
/* End PBXFileReference section */

/* Begin PBXFrameworksBuildPhase section */
		79FCCD1519AFBFE300AC4A9A /* Frameworks */ = {
			isa = PBXFrameworksBuildPhase;
			buildActionMask = 2147483647;
			files = (
			);
			runOnlyForDeploymentPostprocessing = 0;
		};
/* End PBXFrameworksBuildPhase section */

/* Begin PBXGroup section */
		79AB5E8819B4E3EC00E6A055 /* Chrono */ = {
			isa = PBXGroup;
			children = (
				79FCCDD219B4D68B00AC4A9A /* Chrono.h */,
				764F238619B919A2006B6ED8 /* main.cpp */,
				79FCCD2219AFC00000AC4A9A /* std_lib_facilities.h */,
				79FCCDD319B4D7A300AC4A9A /* Chrono.cpp */,
			);
			name = Chrono;
			path = User_defined_types;
			sourceTree = "<group>";
		};
		79FCCD0F19AFBFE300AC4A9A = {
			isa = PBXGroup;
			children = (
				79AB5E8819B4E3EC00E6A055 /* Chrono */,
				79FCCD1919AFBFE300AC4A9A /* Products */,
			);
			sourceTree = "<group>";
		};
		79FCCD1919AFBFE300AC4A9A /* Products */ = {
			isa = PBXGroup;
			children = (
				79FCCD1819AFBFE300AC4A9A /* User_defined_types */,
			);
			name = Products;
			sourceTree = "<group>";
		};
/* End PBXGroup section */

/* Begin PBXNativeTarget section */
		79FCCD1719AFBFE300AC4A9A /* User_defined_types */ = {
			isa = PBXNativeTarget;
			buildConfigurationList = 79FCCD1F19AFBFE300AC4A9A /* Build configuration list for PBXNativeTarget "User_defined_types" */;
			buildPhases = (
				79FCCD1419AFBFE300AC4A9A /* Sources */,
				79FCCD1519AFBFE300AC4A9A /* Frameworks */,
				79FCCD1619AFBFE300AC4A9A /* CopyFiles */,
			);
			buildRules = (
			);
			dependencies = (
			);
			name = User_defined_types;
			productName = User_defined_types;
			productReference = 79FCCD1819AFBFE300AC4A9A /* User_defined_types */;
			productType = "com.apple.product-type.tool";
		};
/* End PBXNativeTarget section */

/* Begin PBXProject section */
		79FCCD1019AFBFE300AC4A9A /* Project object */ = {
			isa = PBXProject;
			attributes = {
				LastUpgradeCheck = 0600;
				ORGANIZATIONNAME = "Tsz Chun Lai";
				TargetAttributes = {
					79FCCD1719AFBFE300AC4A9A = {
						CreatedOnToolsVersion = 6.0;
					};
				};
			};
			buildConfigurationList = 79FCCD1319AFBFE300AC4A9A /* Build configuration list for PBXProject "User_defined_types" */;
			compatibilityVersion = "Xcode 3.2";
			developmentRegion = English;
			hasScannedForEncodings = 0;
			knownRegions = (
				en,
			);
			mainGroup = 79FCCD0F19AFBFE300AC4A9A;
			productRefGroup = 79FCCD1919AFBFE300AC4A9A /* Products */;
			projectDirPath = "";
			projectRoot = "";
			targets = (
				79FCCD1719AFBFE300AC4A9A /* User_defined_types */,
			);
		};
/* End PBXProject section */

/* Begin PBXSourcesBuildPhase section */
		79FCCD1419AFBFE300AC4A9A /* Sources */ = {
			isa = PBXSourcesBuildPhase;
			buildActionMask = 2147483647;
			files = (
				764F238719B919A2006B6ED8 /* main.cpp in Sources */,
				79FCCDD419B4D7A300AC4A9A /* Chrono.cpp in Sources */,
			);
			runOnlyForDeploymentPostprocessing = 0;
		};
/* End PBXSourcesBuildPhase section */

/* Begin XCBuildConfiguration section */
		79FCCD1D19AFBFE300AC4A9A /* Debug */ = {
			isa = XCBuildConfiguration;
			buildSettings = {
				ALWAYS_SEARCH_USER_PATHS = NO;
				CLANG_CXX_LANGUAGE_STANDARD = "gnu++0x";
				CLANG_CXX_LIBRARY = "libc++";
				CLANG_ENABLE_MODULES = YES;
				CLANG_ENABLE_OBJC_ARC = YES;
				CLANG_WARN_BOOL_CONVERSION = YES;
				CLANG_WARN_CONSTANT_CONVERSION = YES;
				CLANG_WARN_DIRECT_OBJC_ISA_USAGE = YES_ERROR;
				CLANG_WARN_EMPTY_BODY = YES;
				CLANG_WARN_ENUM_CONVERSION = YES;
				CLANG_WARN_INT_CONVERSION = YES;
				CLANG_WARN_OBJC_ROOT_CLASS = YES_ERROR;
				CLANG_WARN_UNREACHABLE_CODE = YES;
				CLANG_WARN__DUPLICATE_METHOD_MATCH = YES;
				COPY_PHASE_STRIP = NO;
				ENABLE_STRICT_OBJC_MSGSEND = YES;
				GCC_C_LANGUAGE_STANDARD = gnu99;
				GCC_DYNAMIC_NO_PIC = NO;
				GCC_OPTIMIZATION_LEVEL = 0;
				GCC_PREPROCESSOR_DEFINITIONS = (
					"DEBUG=1",
					"$(inherited)",
				);
				GCC_SYMBOLS_PRIVATE_EXTERN = NO;
				GCC_WARN_64_TO_32_BIT_CONVERSION = YES;
				GCC_WARN_ABOUT_RETURN_TYPE = YES_ERROR;
				GCC_WARN_UNDECLARED_SELECTOR = YES;
				GCC_WARN_UNINITIALIZED_AUTOS = YES_AGGRESSIVE;
				GCC_WARN_UNUSED_FUNCTION = YES;
				GCC_WARN_UNUSED_VARIABLE = YES;
				MACOSX_DEPLOYMENT_TARGET = 10.9;
				MTL_ENABLE_DEBUG_INFO = YES;
				ONLY_ACTIVE_ARCH = YES;
				SDKROOT = macosx;
			};
			name = Debug;
		};
		79FCCD1E19AFBFE300AC4A9A /* Release */ = {
			isa = XCBuildConfiguration;
			buildSettings = {
				ALWAYS_SEARCH_USER_PATHS = NO;
				CLANG_CXX_LANGUAGE_STANDARD = "gnu++0x";
				CLANG_CXX_LIBRARY = "libc++";
				CLANG_ENABLE_MODULES = YES;
				CLANG_ENABLE_OBJC_ARC = YES;
				CLANG_WARN_BOOL_CONVERSION = YES;
				CLANG_WARN_CONSTANT_CONVERSION = YES;
				CLANG_WARN_DIRECT_OBJC_ISA_USAGE = YES_ERROR;
				CLANG_WARN_EMPTY_BODY = YES;
				CLANG_WARN_ENUM_CONVERSION = YES;
				CLANG_WARN_INT_CONVERSION = YES;
				CLANG_WARN_OBJC_ROOT_CLASS = YES_ERROR;
				CLANG_WARN_UNREACHABLE_CODE = YES;
				CLANG_WARN__DUPLICATE_METHOD_MATCH = YES;
				COPY_PHASE_STRIP = YES;
				DEBUG_INFORMATION_FORMAT = "dwarf-with-dsym";
				ENABLE_NS_ASSERTIONS = NO;
				ENABLE_STRICT_OBJC_MSGSEND = YES;
				GCC_C_LANGUAGE_STANDARD = gnu99;
				GCC_WARN_64_TO_32_BIT_CONVERSION = YES;
				GCC_WARN_ABOUT_RETURN_TYPE = YES_ERROR;
				GCC_WARN_UNDECLARED_SELECTOR = YES;
				GCC_WARN_UNINITIALIZED_AUTOS = YES_AGGRESSIVE;
				GCC_WARN_UNUSED_FUNCTION = YES;
				GCC_WARN_UNUSED_VARIABLE = YES;
				MACOSX_DEPLOYMENT_TARGET = 10.9;
				MTL_ENABLE_DEBUG_INFO = NO;
				SDKROOT = macosx;
			};
			name = Release;
		};
		79FCCD2019AFBFE300AC4A9A /* Debug */ = {
			isa = XCBuildConfiguration;
			buildSettings = {
				PRODUCT_NAME = "$(TARGET_NAME)";
			};
			name = Debug;
		};
		79FCCD2119AFBFE300AC4A9A /* Release */ = {
			isa = XCBuildConfiguration;
			buildSettings = {
				PRODUCT_NAME = "$(TARGET_NAME)";
			};
			name = Release;
		};
/* End XCBuildConfiguration section */

/* Begin XCConfigurationList section */
		79FCCD1319AFBFE300AC4A9A /* Build configuration list for PBXProject "User_defined_types" */ = {
			isa = XCConfigurationList;
			buildConfigurations = (
				79FCCD1D19AFBFE300AC4A9A /* Debug */,
				79FCCD1E19AFBFE300AC4A9A /* Release */,
			);
			defaultConfigurationIsVisible = 0;
			defaultConfigurationName = Release;
		};
		79FCCD1F19AFBFE300AC4A9A /* Build configuration list for PBXNativeTarget "User_defined_types" */ = {
			isa = XCConfigurationList;
			buildConfigurations = (
				79FCCD2019AFBFE300AC4A9A /* Debug */,
				79FCCD2119AFBFE300AC4A9A /* Release */,
			);
			defaultConfigurationIsVisible = 0;
			defaultConfigurationName = Release;
		};
/* End XCConfigurationList section */
	};
	rootObject = 79FCCD1019AFBFE300AC4A9A /* Project object */;
}
